// !$*UTF8*$!
{
	archiveVersion = 1;
	classes = {
	};
	objectVersion = 50;
	objects = {

/* Begin PBXBuildFile section */
		2A01BC3120E02237001B7476 /* CADisplayLinkViewController.swift in Sources */ = {isa = PBXBuildFile; fileRef = 2A01BC3020E02237001B7476 /* CADisplayLinkViewController.swift */; };
		2A04476E20ADE10100383D6F /* Realm.storyboard in Resources */ = {isa = PBXBuildFile; fileRef = 2A04476D20ADE10100383D6F /* Realm.storyboard */; };
		2A04477020ADE14300383D6F /* RealmTableViewController.swift in Sources */ = {isa = PBXBuildFile; fileRef = 2A04476F20ADE14300383D6F /* RealmTableViewController.swift */; };
		2A04477220ADE62A00383D6F /* SecondViewController.swift in Sources */ = {isa = PBXBuildFile; fileRef = 2A04477120ADE62A00383D6F /* SecondViewController.swift */; };
		2A04477420ADE71B00383D6F /* DBManager.swift in Sources */ = {isa = PBXBuildFile; fileRef = 2A04477320ADE71B00383D6F /* DBManager.swift */; };
		2A053E75209820CB00928204 /* TableViewController.swift in Sources */ = {isa = PBXBuildFile; fileRef = 2A053E74209820CB00928204 /* TableViewController.swift */; };
		2A053E79209821B100928204 /* Text.swift in Sources */ = {isa = PBXBuildFile; fileRef = 2A053E78209821B100928204 /* Text.swift */; };
		2A06061F20B6032C005BED85 /* NewWayViewController.swift in Sources */ = {isa = PBXBuildFile; fileRef = 2A06061E20B6032B005BED85 /* NewWayViewController.swift */; };
		2A07BB0221DC343200513EFB /* ToDoList.storyboard in Resources */ = {isa = PBXBuildFile; fileRef = 2A07BB0121DC343200513EFB /* ToDoList.storyboard */; };
		2A07BB0421DC349A00513EFB /* ToDoListController.swift in Sources */ = {isa = PBXBuildFile; fileRef = 2A07BB0321DC349A00513EFB /* ToDoListController.swift */; };
		2A08BBCE219FD2820083683B /* CLService.swift in Sources */ = {isa = PBXBuildFile; fileRef = 2A08BBCD219FD2820083683B /* CLService.swift */; };
		2A09380821A3C1C600A1EBFE /* StatusPill.swift in Sources */ = {isa = PBXBuildFile; fileRef = 2A09380721A3C1C600A1EBFE /* StatusPill.swift */; };
		2A12B24F21796BB300CA551A /* SSLPinning.storyboard in Resources */ = {isa = PBXBuildFile; fileRef = 2A12B24E21796BB300CA551A /* SSLPinning.storyboard */; };
		2A12B25121796BCA00CA551A /* SSLPinningViewController.swift in Sources */ = {isa = PBXBuildFile; fileRef = 2A12B25021796BCA00CA551A /* SSLPinningViewController.swift */; };
		2A140D8520ABC83000202E0F /* ButtonedTableViewController.swift in Sources */ = {isa = PBXBuildFile; fileRef = 2A140D8420ABC83000202E0F /* ButtonedTableViewController.swift */; };
		2A17F19F209D667E009DF9DC /* 3DTouch.storyboard in Resources */ = {isa = PBXBuildFile; fileRef = 2A17F19E209D667E009DF9DC /* 3DTouch.storyboard */; };
		2A17F1A1209D670A009DF9DC /* 3DTouchViewController.swift in Sources */ = {isa = PBXBuildFile; fileRef = 2A17F1A0209D670A009DF9DC /* 3DTouchViewController.swift */; };
		2A1AF2A6212E5B35002C8BFA /* FlyingSquaresViewController.swift in Sources */ = {isa = PBXBuildFile; fileRef = 2A1AF2A5212E5B35002C8BFA /* FlyingSquaresViewController.swift */; };
		2A1E541E212890FB008EFEC6 /* EmojiCell.swift in Sources */ = {isa = PBXBuildFile; fileRef = 2A1E541D212890FB008EFEC6 /* EmojiCell.swift */; };
		2A218BF1213750CC005AC2B2 /* RoomType.swift in Sources */ = {isa = PBXBuildFile; fileRef = 2A218BEE213750CC005AC2B2 /* RoomType.swift */; };
		2A218BF2213750CC005AC2B2 /* HotelManzana.storyboard in Resources */ = {isa = PBXBuildFile; fileRef = 2A218BEF213750CC005AC2B2 /* HotelManzana.storyboard */; };
		2A218BF3213750CC005AC2B2 /* Registration.swift in Sources */ = {isa = PBXBuildFile; fileRef = 2A218BF0213750CC005AC2B2 /* Registration.swift */; };
		2A218BF521375349005AC2B2 /* AddRegistrationTableViewController.swift in Sources */ = {isa = PBXBuildFile; fileRef = 2A218BF421375349005AC2B2 /* AddRegistrationTableViewController.swift */; };
		2A23243321547CAA00E929D4 /* Gif.m in Sources */ = {isa = PBXBuildFile; fileRef = 2A23243221547CAA00E929D4 /* Gif.m */; };
		2A28B153214F1FD3004D7153 /* RPSGame.m in Sources */ = {isa = PBXBuildFile; fileRef = 2A28B152214F1FD3004D7153 /* RPSGame.m */; };
		2A28B156214F1FE5004D7153 /* RPSTurn.m in Sources */ = {isa = PBXBuildFile; fileRef = 2A28B155214F1FE5004D7153 /* RPSTurn.m */; };
		2A28B15C214F2566004D7153 /* RockPaperScissorsViewController.m in Sources */ = {isa = PBXBuildFile; fileRef = 2A28B15B214F2566004D7153 /* RockPaperScissorsViewController.m */; };
		2A295ABB21DC727600134F71 /* ChecklistItem.swift in Sources */ = {isa = PBXBuildFile; fileRef = 2A295ABA21DC727600134F71 /* ChecklistItem.swift */; };
		2A295ABD21DC7E2600134F71 /* TodoList.swift in Sources */ = {isa = PBXBuildFile; fileRef = 2A295ABC21DC7E2600134F71 /* TodoList.swift */; };
		2A2EAFB220C3A9BC00073860 /* Gestures.storyboard in Resources */ = {isa = PBXBuildFile; fileRef = 2A2EAFB120C3A9BC00073860 /* Gestures.storyboard */; };
		2A2EAFB420C3AA3500073860 /* GesturesViewController.swift in Sources */ = {isa = PBXBuildFile; fileRef = 2A2EAFB320C3AA3500073860 /* GesturesViewController.swift */; };
		2A2F715B214EEFE300348C2A /* House.m in Sources */ = {isa = PBXBuildFile; fileRef = 2A2F715A214EEFE300348C2A /* House.m */; };
		2A2F715E214EF5B700348C2A /* Bedroom.m in Sources */ = {isa = PBXBuildFile; fileRef = 2A2F715D214EF5B700348C2A /* Bedroom.m */; };
		2A31269C2153427600960871 /* UIImage+Gif.m in Sources */ = {isa = PBXBuildFile; fileRef = 2A31269B2153427600960871 /* UIImage+Gif.m */; };
		2A31269E21534A3F00960871 /* ImageIO.framework in Frameworks */ = {isa = PBXBuildFile; fileRef = 2A31269D21534A3F00960871 /* ImageIO.framework */; };
		2A3126A22153555500960871 /* PickerViewController+Picker.m in Sources */ = {isa = PBXBuildFile; fileRef = 2A3126A12153555500960871 /* PickerViewController+Picker.m */; };
		2A35D74921A27C9A00FA6657 /* TorchViewController.swift in Sources */ = {isa = PBXBuildFile; fileRef = 2A35D74821A27C9A00FA6657 /* TorchViewController.swift */; };
		2A35D74B21A27CD700FA6657 /* CardStack.swift in Sources */ = {isa = PBXBuildFile; fileRef = 2A35D74A21A27CD700FA6657 /* CardStack.swift */; };
		2A35D75821A27EA400FA6657 /* Person.swift in Sources */ = {isa = PBXBuildFile; fileRef = 2A35D75721A27EA400FA6657 /* Person.swift */; };
		2A35D75A21A2808300FA6657 /* CardView.swift in Sources */ = {isa = PBXBuildFile; fileRef = 2A35D75921A2808300FA6657 /* CardView.swift */; };
		2A37888A21A5077B00AD1957 /* R2D2.mp3 in Resources */ = {isa = PBXBuildFile; fileRef = 2A37888921A5077B00AD1957 /* R2D2.mp3 */; };
		2A38BAC72100000800FC3022 /* StacksViewController.swift in Sources */ = {isa = PBXBuildFile; fileRef = 2A38BAC62100000800FC3022 /* StacksViewController.swift */; };
		2A38EBA621B444C60089883A /* BullsEyeGame.storyboard in Resources */ = {isa = PBXBuildFile; fileRef = 2A38EBA521B444C60089883A /* BullsEyeGame.storyboard */; };
		2A38EBA821B447090089883A /* BullEyeGameViewController.swift in Sources */ = {isa = PBXBuildFile; fileRef = 2A38EBA721B447090089883A /* BullEyeGameViewController.swift */; };
		2A3A093A20956F690095F163 /* AppDelegate.swift in Sources */ = {isa = PBXBuildFile; fileRef = 2A3A093920956F690095F163 /* AppDelegate.swift */; };
		2A3A093C20956F690095F163 /* ViewController.swift in Sources */ = {isa = PBXBuildFile; fileRef = 2A3A093B20956F690095F163 /* ViewController.swift */; };
		2A3A093F20956F690095F163 /* Main.storyboard in Resources */ = {isa = PBXBuildFile; fileRef = 2A3A093D20956F690095F163 /* Main.storyboard */; };
		2A3A094120956F6A0095F163 /* Assets.xcassets in Resources */ = {isa = PBXBuildFile; fileRef = 2A3A094020956F6A0095F163 /* Assets.xcassets */; };
		2A3A094420956F6A0095F163 /* LaunchScreen.storyboard in Resources */ = {isa = PBXBuildFile; fileRef = 2A3A094220956F6A0095F163 /* LaunchScreen.storyboard */; };
		2A407D2B2155FECD001FCFC3 /* CollectionViewCell.m in Sources */ = {isa = PBXBuildFile; fileRef = 2A407D2A2155FECD001FCFC3 /* CollectionViewCell.m */; };
		2A407D2E2155FF15001FCFC3 /* GifCollectionViewController.m in Sources */ = {isa = PBXBuildFile; fileRef = 2A407D2D2155FF15001FCFC3 /* GifCollectionViewController.m */; };
		2A4301ED21A9093300332CE0 /* TicTacToe.storyboard in Resources */ = {isa = PBXBuildFile; fileRef = 2A4301EC21A9093300332CE0 /* TicTacToe.storyboard */; };
		2A4301EF21A90C2A00332CE0 /* TicTacToeViewController.swift in Sources */ = {isa = PBXBuildFile; fileRef = 2A4301EE21A90C2A00332CE0 /* TicTacToeViewController.swift */; };
		2A46D74621F6CD79000C2FCE /* PopOverViewController.swift in Sources */ = {isa = PBXBuildFile; fileRef = 2A46D74521F6CD79000C2FCE /* PopOverViewController.swift */; };
		2A4A2EE921A0932600ED199C /* NotificationAttachmentID.swift in Sources */ = {isa = PBXBuildFile; fileRef = 2A4A2EE821A0932600ED199C /* NotificationAttachmentID.swift */; };
		2A4D4C98209EC1D700D498F0 /* Networking.storyboard in Resources */ = {isa = PBXBuildFile; fileRef = 2A4D4C97209EC1D700D498F0 /* Networking.storyboard */; };
		2A4D4C9A209EC1E400D498F0 /* NetworkingViewController.swift in Sources */ = {isa = PBXBuildFile; fileRef = 2A4D4C99209EC1E400D498F0 /* NetworkingViewController.swift */; };
		2A4D7DE121DC30D1005B4A48 /* KeychainAccess.framework in Frameworks */ = {isa = PBXBuildFile; fileRef = 2A4D7DE021DC30D1005B4A48 /* KeychainAccess.framework */; };
		2A4D7DE321DC30D1005B4A48 /* NSGIF.framework in Frameworks */ = {isa = PBXBuildFile; fileRef = 2A4D7DE221DC30D1005B4A48 /* NSGIF.framework */; };
		2A4D7DE521DC30D1005B4A48 /* Realm.framework in Frameworks */ = {isa = PBXBuildFile; fileRef = 2A4D7DE421DC30D1005B4A48 /* Realm.framework */; };
		2A4D7DE721DC30D1005B4A48 /* RealmSwift.framework in Frameworks */ = {isa = PBXBuildFile; fileRef = 2A4D7DE621DC30D1005B4A48 /* RealmSwift.framework */; };
		2A4D7DE921DC30D1005B4A48 /* UILoadControl.framework in Frameworks */ = {isa = PBXBuildFile; fileRef = 2A4D7DE821DC30D1005B4A48 /* UILoadControl.framework */; };
		2A52BACC2138694300183ABF /* SelectRoomTypeTableViewController.swift in Sources */ = {isa = PBXBuildFile; fileRef = 2A52BACB2138694300183ABF /* SelectRoomTypeTableViewController.swift */; };
		2A56D8502098E836001A1352 /* AnimationsViewController.swift in Sources */ = {isa = PBXBuildFile; fileRef = 2A56D84F2098E836001A1352 /* AnimationsViewController.swift */; };
		2A56D8532098E9FD001A1352 /* CustomView.swift in Sources */ = {isa = PBXBuildFile; fileRef = 2A56D8522098E9FD001A1352 /* CustomView.swift */; };
		2A59DC9C21DFE7E700C80E1C /* CheckListCell.swift in Sources */ = {isa = PBXBuildFile; fileRef = 2A59DC9B21DFE7E700C80E1C /* CheckListCell.swift */; };
		2A63FC80215328F8009E03D2 /* PickerViewController.m in Sources */ = {isa = PBXBuildFile; fileRef = 2A63FC7F215328F8009E03D2 /* PickerViewController.m */; };
		2A63FC82215329EA009E03D2 /* Picker.storyboard in Resources */ = {isa = PBXBuildFile; fileRef = 2A63FC81215329EA009E03D2 /* Picker.storyboard */; };
		2A63FFF820DA0F7C0093382D /* ContactDetailViewController.swift in Sources */ = {isa = PBXBuildFile; fileRef = 2A63FFF720DA0F7C0093382D /* ContactDetailViewController.swift */; };
		2A64B34E217C2B48006CAB08 /* bancomer.cer in Resources */ = {isa = PBXBuildFile; fileRef = 2A64B34D217C2B48006CAB08 /* bancomer.cer */; };
		2A65E5A221DDC14200EF4C59 /* ItemDetailViewController.swift in Sources */ = {isa = PBXBuildFile; fileRef = 2A65E5A121DDC14200EF4C59 /* ItemDetailViewController.swift */; };
		2A697DC621F5486B001E473A /* PiratesViewController.swift in Sources */ = {isa = PBXBuildFile; fileRef = 2A697DC521F5486B001E473A /* PiratesViewController.swift */; };
		2A7231532130ABB1004EC266 /* MusicViewController.swift in Sources */ = {isa = PBXBuildFile; fileRef = 2A7231522130ABB1004EC266 /* MusicViewController.swift */; };
		2A7231552130AF8A004EC266 /* ButtonStyle.swift in Sources */ = {isa = PBXBuildFile; fileRef = 2A7231542130AF8A004EC266 /* ButtonStyle.swift */; };
		2A726CD621BA279A006E8679 /* AboutViewController.swift in Sources */ = {isa = PBXBuildFile; fileRef = 2A726CD521BA279A006E8679 /* AboutViewController.swift */; };
		2A80481821954541002F7081 /* CollapsableTableViewController.swift in Sources */ = {isa = PBXBuildFile; fileRef = 2A80481721954541002F7081 /* CollapsableTableViewController.swift */; };
		2A80481A2195458E002F7081 /* CollapsableTableView.storyboard in Resources */ = {isa = PBXBuildFile; fileRef = 2A8048192195458E002F7081 /* CollapsableTableView.storyboard */; };
		2A98A76E209FF5C1004A39A0 /* CoreData.storyboard in Resources */ = {isa = PBXBuildFile; fileRef = 2A98A76D209FF5C1004A39A0 /* CoreData.storyboard */; };
		2A98A770209FF5E1004A39A0 /* CoreDataViewController.swift in Sources */ = {isa = PBXBuildFile; fileRef = 2A98A76F209FF5E1004A39A0 /* CoreDataViewController.swift */; };
		2A98A773209FF837004A39A0 /* TodoApp.xcdatamodeld in Sources */ = {isa = PBXBuildFile; fileRef = 2A98A771209FF837004A39A0 /* TodoApp.xcdatamodeld */; };
		2A98A776209FFA2E004A39A0 /* AbstractManager.swift in Sources */ = {isa = PBXBuildFile; fileRef = 2A98A775209FFA2E004A39A0 /* AbstractManager.swift */; };
		2A98A799209FFC0A004A39A0 /* TaskListManager.swift in Sources */ = {isa = PBXBuildFile; fileRef = 2A98A798209FFC0A004A39A0 /* TaskListManager.swift */; };
		2AA249F52126790400874A60 /* Emojis.storyboard in Resources */ = {isa = PBXBuildFile; fileRef = 2AA249F42126790400874A60 /* Emojis.storyboard */; };
		2AA249F72126799600874A60 /* Emoji.swift in Sources */ = {isa = PBXBuildFile; fileRef = 2AA249F62126799600874A60 /* Emoji.swift */; };
		2AA249F921267E7A00874A60 /* EmojiTableViewController.swift in Sources */ = {isa = PBXBuildFile; fileRef = 2AA249F821267E7A00874A60 /* EmojiTableViewController.swift */; };
		2AA4C9AD2099708900E004CD /* ScrollView.storyboard in Resources */ = {isa = PBXBuildFile; fileRef = 2AA4C9AC2099708900E004CD /* ScrollView.storyboard */; };
		2AA4C9AF209970FF00E004CD /* TableView.storyboard in Resources */ = {isa = PBXBuildFile; fileRef = 2AA4C9AE209970FF00E004CD /* TableView.storyboard */; };
		2AA4C9B12099714500E004CD /* CustomView.storyboard in Resources */ = {isa = PBXBuildFile; fileRef = 2AA4C9B02099714500E004CD /* CustomView.storyboard */; };
		2AA4C9B32099718500E004CD /* Segues.storyboard in Resources */ = {isa = PBXBuildFile; fileRef = 2AA4C9B22099718500E004CD /* Segues.storyboard */; };
		2AA4C9B62099721900E004CD /* Multimedia.storyboard in Resources */ = {isa = PBXBuildFile; fileRef = 2AA4C9B52099721900E004CD /* Multimedia.storyboard */; };
		2AA4C9B82099731700E004CD /* MultimediaViewController.swift in Sources */ = {isa = PBXBuildFile; fileRef = 2AA4C9B72099731700E004CD /* MultimediaViewController.swift */; };
		2AA4C9BA209975FA00E004CD /* Song.mp3 in Resources */ = {isa = PBXBuildFile; fileRef = 2AA4C9B9209975FA00E004CD /* Song.mp3 */; };
		2AA4CFE9214189430054EAC9 /* ObjcNetTableViewController.m in Sources */ = {isa = PBXBuildFile; fileRef = 2AA4CFE8214189430054EAC9 /* ObjcNetTableViewController.m */; };
		2AA4CFEE214189B00054EAC9 /* ObjcNet.storyboard in Resources */ = {isa = PBXBuildFile; fileRef = 2AA4CFED214189B00054EAC9 /* ObjcNet.storyboard */; };
		2AA4CFF121418DE20054EAC9 /* Model.m in Sources */ = {isa = PBXBuildFile; fileRef = 2AA4CFF021418DE20054EAC9 /* Model.m */; };
		2AA4CFF421418EF30054EAC9 /* NetUtils.m in Sources */ = {isa = PBXBuildFile; fileRef = 2AA4CFF321418EF30054EAC9 /* NetUtils.m */; };
		2AA6578F212925EF00268B29 /* AddEditEmojiTableViewController.swift in Sources */ = {isa = PBXBuildFile; fileRef = 2AA6578E212925EF00268B29 /* AddEditEmojiTableViewController.swift */; };
		2AAA9DE2209F7BC60034D1BF /* ContactsManager.swift in Sources */ = {isa = PBXBuildFile; fileRef = 2AAA9DE1209F7BC60034D1BF /* ContactsManager.swift */; };
		2AAA9DE4209F84A10034D1BF /* Contact.swift in Sources */ = {isa = PBXBuildFile; fileRef = 2AAA9DE3209F84A10034D1BF /* Contact.swift */; };
		2AABA4C0209FB2C8008CB7FC /* User.swift in Sources */ = {isa = PBXBuildFile; fileRef = 2AABA4BF209FB2C8008CB7FC /* User.swift */; };
		2AABA4C2209FB333008CB7FC /* Response.swift in Sources */ = {isa = PBXBuildFile; fileRef = 2AABA4C1209FB333008CB7FC /* Response.swift */; };
		2AAC95C4209C1C6900255840 /* Location.storyboard in Resources */ = {isa = PBXBuildFile; fileRef = 2AAC95C3209C1C6900255840 /* Location.storyboard */; };
		2AAC95C6209C1C7800255840 /* LocationViewController.swift in Sources */ = {isa = PBXBuildFile; fileRef = 2AAC95C5209C1C7800255840 /* LocationViewController.swift */; };
		2AB2523420AE928F00D5C33E /* base64json in Resources */ = {isa = PBXBuildFile; fileRef = 2AB2523320AE928F00D5C33E /* base64json */; };
		2AB3CA592141FA1D00CF8F35 /* Fonts.storyboard in Resources */ = {isa = PBXBuildFile; fileRef = 2AB3CA582141FA1D00CF8F35 /* Fonts.storyboard */; };
		2AB3CA5C2142076300CF8F35 /* Lobster-Regular.ttf in Resources */ = {isa = PBXBuildFile; fileRef = 2AB3CA5B2142033F00CF8F35 /* Lobster-Regular.ttf */; };
		2AB3CA5D2142076700CF8F35 /* IndieFlower.ttf in Resources */ = {isa = PBXBuildFile; fileRef = 2AB3CA5A2142033F00CF8F35 /* IndieFlower.ttf */; };
		2AB98D8121264B220000D768 /* ScrollViewController.swift in Sources */ = {isa = PBXBuildFile; fileRef = 2AB98D8021264B220000D768 /* ScrollViewController.swift */; };
		2ABA9C932165C1BE0054BFD8 /* xibViewController.m in Sources */ = {isa = PBXBuildFile; fileRef = 2ABA9C922165C1BE0054BFD8 /* xibViewController.m */; };
		2ABA9C9A2165C5B60054BFD8 /* xibs.xib in Resources */ = {isa = PBXBuildFile; fileRef = 2ABA9C982165C5B60054BFD8 /* xibs.xib */; };
		2ABA9C9D2165C6A70054BFD8 /* xibs.m in Sources */ = {isa = PBXBuildFile; fileRef = 2ABA9C9C2165C6A70054BFD8 /* xibs.m */; };
		2ABDF5BE219BB2B9004A4D9D /* Notifications.storyboard in Resources */ = {isa = PBXBuildFile; fileRef = 2ABDF5BD219BB2B9004A4D9D /* Notifications.storyboard */; };
		2ABDF5C0219BB2F9004A4D9D /* NotificationsViewController.swift in Sources */ = {isa = PBXBuildFile; fileRef = 2ABDF5BF219BB2F9004A4D9D /* NotificationsViewController.swift */; };
		2ABDF5C6219BB448004A4D9D /* ShadowView.swift in Sources */ = {isa = PBXBuildFile; fileRef = 2ABDF5C5219BB448004A4D9D /* ShadowView.swift */; };
		2AC1B41620AE84E700CA0858 /* UserResponse.swift in Sources */ = {isa = PBXBuildFile; fileRef = 2AC1B41520AE84E700CA0858 /* UserResponse.swift */; };
		2AC1B41820AE851800CA0858 /* User64.swift in Sources */ = {isa = PBXBuildFile; fileRef = 2AC1B41720AE851800CA0858 /* User64.swift */; };
		2AC3DE892119606E0077A57E /* LongPressViewController.swift in Sources */ = {isa = PBXBuildFile; fileRef = 2AC3DE882119606E0077A57E /* LongPressViewController.swift */; };
		2AC4978320ABC2BA00E222BD /* UIButtonsInUITableView.storyboard in Resources */ = {isa = PBXBuildFile; fileRef = 2AC4978220ABC2BA00E222BD /* UIButtonsInUITableView.storyboard */; };
		2AC7285D209D5C1A00631E93 /* car.png in Resources */ = {isa = PBXBuildFile; fileRef = 2AC7285C209D5C1A00631E93 /* car.png */; };
		2AD1108A209A2AA3002F4B3C /* VideoViewController.swift in Sources */ = {isa = PBXBuildFile; fileRef = 2AD11089209A2AA3002F4B3C /* VideoViewController.swift */; };
		2AD1108D209A300C002F4B3C /* Video.mp4 in Resources */ = {isa = PBXBuildFile; fileRef = 2AD1108C209A2ED1002F4B3C /* Video.mp4 */; };
		2AD11090209A3463002F4B3C /* PhotosAndVideos.storyboard in Resources */ = {isa = PBXBuildFile; fileRef = 2AD1108F209A3463002F4B3C /* PhotosAndVideos.storyboard */; };
		2AD11092209A3528002F4B3C /* CapturePhotosAndVideosViewController.swift in Sources */ = {isa = PBXBuildFile; fileRef = 2AD11091209A3528002F4B3C /* CapturePhotosAndVideosViewController.swift */; };
		2AD2CD6221A09B9100F033EB /* LocationAlert.gif in Resources */ = {isa = PBXBuildFile; fileRef = 2AD2CD6121A09B9100F033EB /* LocationAlert.gif */; };
		2AD2CD6621A09CC400F033EB /* DateAlert.gif in Resources */ = {isa = PBXBuildFile; fileRef = 2AD2CD6521A09CC400F033EB /* DateAlert.gif */; };
		2AD2CD6821A09D2E00F033EB /* NotificationActionID.swift in Sources */ = {isa = PBXBuildFile; fileRef = 2AD2CD6721A09D2E00F033EB /* NotificationActionID.swift */; };
		2AD2CD6A21A09E9400F033EB /* NotificationCategory.swift in Sources */ = {isa = PBXBuildFile; fileRef = 2AD2CD6921A09E9400F033EB /* NotificationCategory.swift */; };
		2AD7CA6D20E463CE001A8F12 /* Stacks.storyboard in Resources */ = {isa = PBXBuildFile; fileRef = 2AD7CA6C20E463CE001A8F12 /* Stacks.storyboard */; };
		2AD7E82E2123DD480073B944 /* CustomTabBar.storyboard in Resources */ = {isa = PBXBuildFile; fileRef = 2AD7E82D2123DD480073B944 /* CustomTabBar.storyboard */; };
		2AD7E8302123DD780073B944 /* CustomTabBarController.swift in Sources */ = {isa = PBXBuildFile; fileRef = 2AD7E82F2123DD780073B944 /* CustomTabBarController.swift */; };
		2ADA09DE2099398600FDB60F /* BlueViewController.swift in Sources */ = {isa = PBXBuildFile; fileRef = 2ADA09DD2099398600FDB60F /* BlueViewController.swift */; };
		2ADA09E02099399100FDB60F /* RedViewController.swift in Sources */ = {isa = PBXBuildFile; fileRef = 2ADA09DF2099399100FDB60F /* RedViewController.swift */; };
		2ADA09E220993A0100FDB60F /* FirstViewController.swift in Sources */ = {isa = PBXBuildFile; fileRef = 2ADA09E120993A0100FDB60F /* FirstViewController.swift */; };
		2ADA09E520993C7600FDB60F /* CustomSegue.swift in Sources */ = {isa = PBXBuildFile; fileRef = 2ADA09E420993C7600FDB60F /* CustomSegue.swift */; };
		2ADAD1C720B5F8BA0080B03B /* PercentageView.swift in Sources */ = {isa = PBXBuildFile; fileRef = 2ADAD1C620B5F8BA0080B03B /* PercentageView.swift */; };
		2ADCEE57211DFFC70073CB1D /* DetailViewController.swift in Sources */ = {isa = PBXBuildFile; fileRef = 2ADCEE56211DFFC70073CB1D /* DetailViewController.swift */; };
		2ADF8C8A21A233A0003244F4 /* SpringAnimationsViewController.swift in Sources */ = {isa = PBXBuildFile; fileRef = 2ADF8C8921A233A0003244F4 /* SpringAnimationsViewController.swift */; };
		2AE2DA2320CB245D00C3DD37 /* SameAsAndroid.storyboard in Resources */ = {isa = PBXBuildFile; fileRef = 2AE2DA2220CB245D00C3DD37 /* SameAsAndroid.storyboard */; };
		2AE2DA2520CB28E900C3DD37 /* WordViewController.swift in Sources */ = {isa = PBXBuildFile; fileRef = 2AE2DA2420CB28E900C3DD37 /* WordViewController.swift */; };
		2AE2DA2720CB2B4D00C3DD37 /* Word.swift in Sources */ = {isa = PBXBuildFile; fileRef = 2AE2DA2620CB2B4D00C3DD37 /* Word.swift */; };
		2AE2DA2920CB2B8400C3DD37 /* AndroidTableViewController.swift in Sources */ = {isa = PBXBuildFile; fileRef = 2AE2DA2820CB2B8400C3DD37 /* AndroidTableViewController.swift */; };
		2AE2DA2B20CB31BD00C3DD37 /* WordCell.swift in Sources */ = {isa = PBXBuildFile; fileRef = 2AE2DA2A20CB31BD00C3DD37 /* WordCell.swift */; };
		2AE46D0D219BBC8D00A8FB69 /* UNService.swift in Sources */ = {isa = PBXBuildFile; fileRef = 2AE46D0C219BBC8D00A8FB69 /* UNService.swift */; };
		2AE46D0F219BDA8200A8FB69 /* AlertService.swift in Sources */ = {isa = PBXBuildFile; fileRef = 2AE46D0E219BDA8200A8FB69 /* AlertService.swift */; };
		2AEDC5FD20A8E7780066170F /* Pagination.storyboard in Resources */ = {isa = PBXBuildFile; fileRef = 2AEDC5FC20A8E7780066170F /* Pagination.storyboard */; };
		2AEDC60020A8E88C0066170F /* PaginationViewController.swift in Sources */ = {isa = PBXBuildFile; fileRef = 2AEDC5FF20A8E88C0066170F /* PaginationViewController.swift */; };
		2AEDC60220A8EA310066170F /* Model.swift in Sources */ = {isa = PBXBuildFile; fileRef = 2AEDC60120A8EA310066170F /* Model.swift */; };
		2AEDC60420A8EDF00066170F /* Responser.swift in Sources */ = {isa = PBXBuildFile; fileRef = 2AEDC60320A8EDF00066170F /* Responser.swift */; };
		2AEDC60620A8EE3E0066170F /* Info.swift in Sources */ = {isa = PBXBuildFile; fileRef = 2AEDC60520A8EE3E0066170F /* Info.swift */; };
		2AEDC60820A8EEF90066170F /* Picture.swift in Sources */ = {isa = PBXBuildFile; fileRef = 2AEDC60720A8EEF90066170F /* Picture.swift */; };
		2AEDC60A20A8EF5E0066170F /* Connections.swift in Sources */ = {isa = PBXBuildFile; fileRef = 2AEDC60920A8EF5E0066170F /* Connections.swift */; };
		2AFC4221209D6429000C1E42 /* deathStar.png in Resources */ = {isa = PBXBuildFile; fileRef = 2AFC4220209D6429000C1E42 /* deathStar.png */; };
		2AFD910221A09A3100682B3A /* TimeAlert.gif in Resources */ = {isa = PBXBuildFile; fileRef = 2AFD910121A09A3100682B3A /* TimeAlert.gif */; };
		2AFF8253214B70F500A742FF /* FontsViewController.swift in Sources */ = {isa = PBXBuildFile; fileRef = 2AFF8252214B70F500A742FF /* FontsViewController.swift */; };
		A89B819C620CA9FDB08F6A6B /* Pods_Pruebas.framework in Frameworks */ = {isa = PBXBuildFile; fileRef = A7A47EC870462D10C97EE859 /* Pods_Pruebas.framework */; };
/* End PBXBuildFile section */

/* Begin PBXFileReference section */
		15DD33399FEB9CB59178C48D /* Pods-Pruebas.debug.xcconfig */ = {isa = PBXFileReference; includeInIndex = 1; lastKnownFileType = text.xcconfig; name = "Pods-Pruebas.debug.xcconfig"; path = "Pods/Target Support Files/Pods-Pruebas/Pods-Pruebas.debug.xcconfig"; sourceTree = "<group>"; };
		2A01BC3020E02237001B7476 /* CADisplayLinkViewController.swift */ = {isa = PBXFileReference; lastKnownFileType = sourcecode.swift; path = CADisplayLinkViewController.swift; sourceTree = "<group>"; };
		2A04476D20ADE10100383D6F /* Realm.storyboard */ = {isa = PBXFileReference; lastKnownFileType = file.storyboard; path = Realm.storyboard; sourceTree = "<group>"; };
		2A04476F20ADE14300383D6F /* RealmTableViewController.swift */ = {isa = PBXFileReference; lastKnownFileType = sourcecode.swift; path = RealmTableViewController.swift; sourceTree = "<group>"; };
		2A04477120ADE62A00383D6F /* SecondViewController.swift */ = {isa = PBXFileReference; lastKnownFileType = sourcecode.swift; path = SecondViewController.swift; sourceTree = "<group>"; };
		2A04477320ADE71B00383D6F /* DBManager.swift */ = {isa = PBXFileReference; lastKnownFileType = sourcecode.swift; path = DBManager.swift; sourceTree = "<group>"; };
		2A053E74209820CB00928204 /* TableViewController.swift */ = {isa = PBXFileReference; lastKnownFileType = sourcecode.swift; path = TableViewController.swift; sourceTree = "<group>"; };
		2A053E78209821B100928204 /* Text.swift */ = {isa = PBXFileReference; lastKnownFileType = sourcecode.swift; path = Text.swift; sourceTree = "<group>"; };
		2A06061E20B6032B005BED85 /* NewWayViewController.swift */ = {isa = PBXFileReference; lastKnownFileType = sourcecode.swift; path = NewWayViewController.swift; sourceTree = "<group>"; };
		2A07BB0121DC343200513EFB /* ToDoList.storyboard */ = {isa = PBXFileReference; lastKnownFileType = file.storyboard; path = ToDoList.storyboard; sourceTree = "<group>"; };
		2A07BB0321DC349A00513EFB /* ToDoListController.swift */ = {isa = PBXFileReference; lastKnownFileType = sourcecode.swift; path = ToDoListController.swift; sourceTree = "<group>"; };
		2A08BBCD219FD2820083683B /* CLService.swift */ = {isa = PBXFileReference; lastKnownFileType = sourcecode.swift; path = CLService.swift; sourceTree = "<group>"; };
		2A09380721A3C1C600A1EBFE /* StatusPill.swift */ = {isa = PBXFileReference; lastKnownFileType = sourcecode.swift; path = StatusPill.swift; sourceTree = "<group>"; };
		2A12B24E21796BB300CA551A /* SSLPinning.storyboard */ = {isa = PBXFileReference; lastKnownFileType = file.storyboard; path = SSLPinning.storyboard; sourceTree = "<group>"; };
		2A12B25021796BCA00CA551A /* SSLPinningViewController.swift */ = {isa = PBXFileReference; lastKnownFileType = sourcecode.swift; path = SSLPinningViewController.swift; sourceTree = "<group>"; };
		2A140D8420ABC83000202E0F /* ButtonedTableViewController.swift */ = {isa = PBXFileReference; lastKnownFileType = sourcecode.swift; path = ButtonedTableViewController.swift; sourceTree = "<group>"; };
		2A17F19E209D667E009DF9DC /* 3DTouch.storyboard */ = {isa = PBXFileReference; lastKnownFileType = file.storyboard; path = 3DTouch.storyboard; sourceTree = "<group>"; };
		2A17F1A0209D670A009DF9DC /* 3DTouchViewController.swift */ = {isa = PBXFileReference; lastKnownFileType = sourcecode.swift; path = 3DTouchViewController.swift; sourceTree = "<group>"; };
		2A1AF2A5212E5B35002C8BFA /* FlyingSquaresViewController.swift */ = {isa = PBXFileReference; lastKnownFileType = sourcecode.swift; path = FlyingSquaresViewController.swift; sourceTree = "<group>"; };
		2A1E541D212890FB008EFEC6 /* EmojiCell.swift */ = {isa = PBXFileReference; lastKnownFileType = sourcecode.swift; path = EmojiCell.swift; sourceTree = "<group>"; };
		2A218BEE213750CC005AC2B2 /* RoomType.swift */ = {isa = PBXFileReference; fileEncoding = 4; lastKnownFileType = sourcecode.swift; path = RoomType.swift; sourceTree = "<group>"; };
		2A218BEF213750CC005AC2B2 /* HotelManzana.storyboard */ = {isa = PBXFileReference; fileEncoding = 4; lastKnownFileType = file.storyboard; path = HotelManzana.storyboard; sourceTree = "<group>"; };
		2A218BF0213750CC005AC2B2 /* Registration.swift */ = {isa = PBXFileReference; fileEncoding = 4; lastKnownFileType = sourcecode.swift; path = Registration.swift; sourceTree = "<group>"; };
		2A218BF421375349005AC2B2 /* AddRegistrationTableViewController.swift */ = {isa = PBXFileReference; lastKnownFileType = sourcecode.swift; path = AddRegistrationTableViewController.swift; sourceTree = "<group>"; };
		2A23243121547CAA00E929D4 /* Gif.h */ = {isa = PBXFileReference; lastKnownFileType = sourcecode.c.h; path = Gif.h; sourceTree = "<group>"; };
		2A23243221547CAA00E929D4 /* Gif.m */ = {isa = PBXFileReference; lastKnownFileType = sourcecode.c.objc; path = Gif.m; sourceTree = "<group>"; };
		2A28B151214F1FD3004D7153 /* RPSGame.h */ = {isa = PBXFileReference; lastKnownFileType = sourcecode.c.h; path = RPSGame.h; sourceTree = "<group>"; };
		2A28B152214F1FD3004D7153 /* RPSGame.m */ = {isa = PBXFileReference; lastKnownFileType = sourcecode.c.objc; path = RPSGame.m; sourceTree = "<group>"; };
		2A28B154214F1FE5004D7153 /* RPSTurn.h */ = {isa = PBXFileReference; lastKnownFileType = sourcecode.c.h; path = RPSTurn.h; sourceTree = "<group>"; };
		2A28B155214F1FE5004D7153 /* RPSTurn.m */ = {isa = PBXFileReference; lastKnownFileType = sourcecode.c.objc; path = RPSTurn.m; sourceTree = "<group>"; };
		2A28B15A214F2566004D7153 /* RockPaperScissorsViewController.h */ = {isa = PBXFileReference; lastKnownFileType = sourcecode.c.h; path = RockPaperScissorsViewController.h; sourceTree = "<group>"; };
		2A28B15B214F2566004D7153 /* RockPaperScissorsViewController.m */ = {isa = PBXFileReference; lastKnownFileType = sourcecode.c.objc; path = RockPaperScissorsViewController.m; sourceTree = "<group>"; };
		2A295ABA21DC727600134F71 /* ChecklistItem.swift */ = {isa = PBXFileReference; lastKnownFileType = sourcecode.swift; path = ChecklistItem.swift; sourceTree = "<group>"; };
		2A295ABC21DC7E2600134F71 /* TodoList.swift */ = {isa = PBXFileReference; lastKnownFileType = sourcecode.swift; path = TodoList.swift; sourceTree = "<group>"; };
		2A2EAFB120C3A9BC00073860 /* Gestures.storyboard */ = {isa = PBXFileReference; lastKnownFileType = file.storyboard; path = Gestures.storyboard; sourceTree = "<group>"; };
		2A2EAFB320C3AA3500073860 /* GesturesViewController.swift */ = {isa = PBXFileReference; lastKnownFileType = sourcecode.swift; path = GesturesViewController.swift; sourceTree = "<group>"; };
		2A2F7159214EEFE300348C2A /* House.h */ = {isa = PBXFileReference; lastKnownFileType = sourcecode.c.h; path = House.h; sourceTree = "<group>"; };
		2A2F715A214EEFE300348C2A /* House.m */ = {isa = PBXFileReference; lastKnownFileType = sourcecode.c.objc; path = House.m; sourceTree = "<group>"; };
		2A2F715C214EF5B700348C2A /* Bedroom.h */ = {isa = PBXFileReference; lastKnownFileType = sourcecode.c.h; path = Bedroom.h; sourceTree = "<group>"; };
		2A2F715D214EF5B700348C2A /* Bedroom.m */ = {isa = PBXFileReference; lastKnownFileType = sourcecode.c.objc; path = Bedroom.m; sourceTree = "<group>"; };
		2A31269A2153427600960871 /* UIImage+Gif.h */ = {isa = PBXFileReference; lastKnownFileType = sourcecode.c.h; path = "UIImage+Gif.h"; sourceTree = "<group>"; };
		2A31269B2153427600960871 /* UIImage+Gif.m */ = {isa = PBXFileReference; lastKnownFileType = sourcecode.c.objc; path = "UIImage+Gif.m"; sourceTree = "<group>"; };
		2A31269D21534A3F00960871 /* ImageIO.framework */ = {isa = PBXFileReference; lastKnownFileType = wrapper.framework; name = ImageIO.framework; path = System/Library/Frameworks/ImageIO.framework; sourceTree = SDKROOT; };
		2A31269F21534CC700960871 /* DidTakePhotoProtocol.h */ = {isa = PBXFileReference; lastKnownFileType = sourcecode.c.h; path = DidTakePhotoProtocol.h; sourceTree = "<group>"; };
		2A3126A02153555500960871 /* PickerViewController+Picker.h */ = {isa = PBXFileReference; lastKnownFileType = sourcecode.c.h; path = "PickerViewController+Picker.h"; sourceTree = "<group>"; };
		2A3126A12153555500960871 /* PickerViewController+Picker.m */ = {isa = PBXFileReference; lastKnownFileType = sourcecode.c.objc; path = "PickerViewController+Picker.m"; sourceTree = "<group>"; };
		2A35D74821A27C9A00FA6657 /* TorchViewController.swift */ = {isa = PBXFileReference; lastKnownFileType = sourcecode.swift; path = TorchViewController.swift; sourceTree = "<group>"; };
		2A35D74A21A27CD700FA6657 /* CardStack.swift */ = {isa = PBXFileReference; lastKnownFileType = sourcecode.swift; path = CardStack.swift; sourceTree = "<group>"; };
		2A35D75721A27EA400FA6657 /* Person.swift */ = {isa = PBXFileReference; lastKnownFileType = sourcecode.swift; path = Person.swift; sourceTree = "<group>"; };
		2A35D75921A2808300FA6657 /* CardView.swift */ = {isa = PBXFileReference; lastKnownFileType = sourcecode.swift; path = CardView.swift; sourceTree = "<group>"; };
		2A37888921A5077B00AD1957 /* R2D2.mp3 */ = {isa = PBXFileReference; lastKnownFileType = audio.mp3; path = R2D2.mp3; sourceTree = "<group>"; };
		2A38BAC62100000800FC3022 /* StacksViewController.swift */ = {isa = PBXFileReference; lastKnownFileType = sourcecode.swift; path = StacksViewController.swift; sourceTree = "<group>"; };
		2A38EBA521B444C60089883A /* BullsEyeGame.storyboard */ = {isa = PBXFileReference; lastKnownFileType = file.storyboard; path = BullsEyeGame.storyboard; sourceTree = "<group>"; };
		2A38EBA721B447090089883A /* BullEyeGameViewController.swift */ = {isa = PBXFileReference; lastKnownFileType = sourcecode.swift; path = BullEyeGameViewController.swift; sourceTree = "<group>"; };
		2A3A093620956F690095F163 /* Pruebas.app */ = {isa = PBXFileReference; explicitFileType = wrapper.application; includeInIndex = 0; path = Pruebas.app; sourceTree = BUILT_PRODUCTS_DIR; };
		2A3A093920956F690095F163 /* AppDelegate.swift */ = {isa = PBXFileReference; lastKnownFileType = sourcecode.swift; path = AppDelegate.swift; sourceTree = "<group>"; };
		2A3A093B20956F690095F163 /* ViewController.swift */ = {isa = PBXFileReference; lastKnownFileType = sourcecode.swift; path = ViewController.swift; sourceTree = "<group>"; };
		2A3A093E20956F690095F163 /* Base */ = {isa = PBXFileReference; lastKnownFileType = file.storyboard; name = Base; path = Base.lproj/Main.storyboard; sourceTree = "<group>"; };
		2A3A094020956F6A0095F163 /* Assets.xcassets */ = {isa = PBXFileReference; lastKnownFileType = folder.assetcatalog; path = Assets.xcassets; sourceTree = "<group>"; };
		2A3A094320956F6A0095F163 /* Base */ = {isa = PBXFileReference; lastKnownFileType = file.storyboard; name = Base; path = Base.lproj/LaunchScreen.storyboard; sourceTree = "<group>"; };
		2A3A094520956F6A0095F163 /* Info.plist */ = {isa = PBXFileReference; lastKnownFileType = text.plist.xml; path = Info.plist; sourceTree = "<group>"; };
		2A407D292155FECD001FCFC3 /* CollectionViewCell.h */ = {isa = PBXFileReference; lastKnownFileType = sourcecode.c.h; path = CollectionViewCell.h; sourceTree = "<group>"; };
		2A407D2A2155FECD001FCFC3 /* CollectionViewCell.m */ = {isa = PBXFileReference; lastKnownFileType = sourcecode.c.objc; path = CollectionViewCell.m; sourceTree = "<group>"; };
		2A407D2C2155FF15001FCFC3 /* GifCollectionViewController.h */ = {isa = PBXFileReference; lastKnownFileType = sourcecode.c.h; path = GifCollectionViewController.h; sourceTree = "<group>"; };
		2A407D2D2155FF15001FCFC3 /* GifCollectionViewController.m */ = {isa = PBXFileReference; lastKnownFileType = sourcecode.c.objc; path = GifCollectionViewController.m; sourceTree = "<group>"; };
		2A4301EC21A9093300332CE0 /* TicTacToe.storyboard */ = {isa = PBXFileReference; lastKnownFileType = file.storyboard; path = TicTacToe.storyboard; sourceTree = "<group>"; };
		2A4301EE21A90C2A00332CE0 /* TicTacToeViewController.swift */ = {isa = PBXFileReference; lastKnownFileType = sourcecode.swift; path = TicTacToeViewController.swift; sourceTree = "<group>"; };
		2A46D74521F6CD79000C2FCE /* PopOverViewController.swift */ = {isa = PBXFileReference; lastKnownFileType = sourcecode.swift; path = PopOverViewController.swift; sourceTree = "<group>"; };
		2A4A2EE821A0932600ED199C /* NotificationAttachmentID.swift */ = {isa = PBXFileReference; lastKnownFileType = sourcecode.swift; path = NotificationAttachmentID.swift; sourceTree = "<group>"; };
		2A4D4C95209EBA0200D498F0 /* Pruebas.entitlements */ = {isa = PBXFileReference; lastKnownFileType = text.plist.entitlements; path = Pruebas.entitlements; sourceTree = "<group>"; };
		2A4D4C97209EC1D700D498F0 /* Networking.storyboard */ = {isa = PBXFileReference; lastKnownFileType = file.storyboard; path = Networking.storyboard; sourceTree = "<group>"; };
		2A4D4C99209EC1E400D498F0 /* NetworkingViewController.swift */ = {isa = PBXFileReference; lastKnownFileType = sourcecode.swift; path = NetworkingViewController.swift; sourceTree = "<group>"; };
		2A4D7DE021DC30D1005B4A48 /* KeychainAccess.framework */ = {isa = PBXFileReference; explicitFileType = wrapper.framework; path = KeychainAccess.framework; sourceTree = BUILT_PRODUCTS_DIR; };
		2A4D7DE221DC30D1005B4A48 /* NSGIF.framework */ = {isa = PBXFileReference; explicitFileType = wrapper.framework; path = NSGIF.framework; sourceTree = BUILT_PRODUCTS_DIR; };
		2A4D7DE421DC30D1005B4A48 /* Realm.framework */ = {isa = PBXFileReference; explicitFileType = wrapper.framework; path = Realm.framework; sourceTree = BUILT_PRODUCTS_DIR; };
		2A4D7DE621DC30D1005B4A48 /* RealmSwift.framework */ = {isa = PBXFileReference; explicitFileType = wrapper.framework; path = RealmSwift.framework; sourceTree = BUILT_PRODUCTS_DIR; };
		2A4D7DE821DC30D1005B4A48 /* UILoadControl.framework */ = {isa = PBXFileReference; explicitFileType = wrapper.framework; path = UILoadControl.framework; sourceTree = BUILT_PRODUCTS_DIR; };
		2A52BACB2138694300183ABF /* SelectRoomTypeTableViewController.swift */ = {isa = PBXFileReference; lastKnownFileType = sourcecode.swift; path = SelectRoomTypeTableViewController.swift; sourceTree = "<group>"; };
		2A56D84F2098E836001A1352 /* AnimationsViewController.swift */ = {isa = PBXFileReference; lastKnownFileType = sourcecode.swift; path = AnimationsViewController.swift; sourceTree = "<group>"; };
		2A56D8522098E9FD001A1352 /* CustomView.swift */ = {isa = PBXFileReference; lastKnownFileType = sourcecode.swift; path = CustomView.swift; sourceTree = "<group>"; };
		2A59DC9B21DFE7E700C80E1C /* CheckListCell.swift */ = {isa = PBXFileReference; lastKnownFileType = sourcecode.swift; path = CheckListCell.swift; sourceTree = "<group>"; };
		2A63FC7E215328F8009E03D2 /* PickerViewController.h */ = {isa = PBXFileReference; lastKnownFileType = sourcecode.c.h; path = PickerViewController.h; sourceTree = "<group>"; };
		2A63FC7F215328F8009E03D2 /* PickerViewController.m */ = {isa = PBXFileReference; lastKnownFileType = sourcecode.c.objc; path = PickerViewController.m; sourceTree = "<group>"; };
		2A63FC81215329EA009E03D2 /* Picker.storyboard */ = {isa = PBXFileReference; lastKnownFileType = file.storyboard; path = Picker.storyboard; sourceTree = "<group>"; };
		2A63FC8321532A99009E03D2 /* Strings.h */ = {isa = PBXFileReference; lastKnownFileType = sourcecode.c.h; path = Strings.h; sourceTree = "<group>"; };
		2A63FFF720DA0F7C0093382D /* ContactDetailViewController.swift */ = {isa = PBXFileReference; lastKnownFileType = sourcecode.swift; path = ContactDetailViewController.swift; sourceTree = "<group>"; };
		2A64B34D217C2B48006CAB08 /* bancomer.cer */ = {isa = PBXFileReference; lastKnownFileType = file; path = bancomer.cer; sourceTree = "<group>"; };
		2A65E5A121DDC14200EF4C59 /* ItemDetailViewController.swift */ = {isa = PBXFileReference; lastKnownFileType = sourcecode.swift; path = ItemDetailViewController.swift; sourceTree = "<group>"; };
		2A697DC521F5486B001E473A /* PiratesViewController.swift */ = {isa = PBXFileReference; lastKnownFileType = sourcecode.swift; path = PiratesViewController.swift; sourceTree = "<group>"; };
		2A7231522130ABB1004EC266 /* MusicViewController.swift */ = {isa = PBXFileReference; lastKnownFileType = sourcecode.swift; path = MusicViewController.swift; sourceTree = "<group>"; };
		2A7231542130AF8A004EC266 /* ButtonStyle.swift */ = {isa = PBXFileReference; lastKnownFileType = sourcecode.swift; path = ButtonStyle.swift; sourceTree = "<group>"; };
		2A726CD521BA279A006E8679 /* AboutViewController.swift */ = {isa = PBXFileReference; lastKnownFileType = sourcecode.swift; path = AboutViewController.swift; sourceTree = "<group>"; };
		2A80481721954541002F7081 /* CollapsableTableViewController.swift */ = {isa = PBXFileReference; lastKnownFileType = sourcecode.swift; path = CollapsableTableViewController.swift; sourceTree = "<group>"; };
		2A8048192195458E002F7081 /* CollapsableTableView.storyboard */ = {isa = PBXFileReference; lastKnownFileType = file.storyboard; path = CollapsableTableView.storyboard; sourceTree = "<group>"; };
		2A98A76D209FF5C1004A39A0 /* CoreData.storyboard */ = {isa = PBXFileReference; lastKnownFileType = file.storyboard; path = CoreData.storyboard; sourceTree = "<group>"; };
		2A98A76F209FF5E1004A39A0 /* CoreDataViewController.swift */ = {isa = PBXFileReference; lastKnownFileType = sourcecode.swift; path = CoreDataViewController.swift; sourceTree = "<group>"; };
		2A98A772209FF837004A39A0 /* TodoApp.xcdatamodel */ = {isa = PBXFileReference; lastKnownFileType = wrapper.xcdatamodel; path = TodoApp.xcdatamodel; sourceTree = "<group>"; };
		2A98A775209FFA2E004A39A0 /* AbstractManager.swift */ = {isa = PBXFileReference; lastKnownFileType = sourcecode.swift; path = AbstractManager.swift; sourceTree = "<group>"; };
		2A98A798209FFC0A004A39A0 /* TaskListManager.swift */ = {isa = PBXFileReference; lastKnownFileType = sourcecode.swift; path = TaskListManager.swift; sourceTree = "<group>"; };
		2AA249F42126790400874A60 /* Emojis.storyboard */ = {isa = PBXFileReference; lastKnownFileType = file.storyboard; path = Emojis.storyboard; sourceTree = "<group>"; };
		2AA249F62126799600874A60 /* Emoji.swift */ = {isa = PBXFileReference; lastKnownFileType = sourcecode.swift; path = Emoji.swift; sourceTree = "<group>"; };
		2AA249F821267E7A00874A60 /* EmojiTableViewController.swift */ = {isa = PBXFileReference; lastKnownFileType = sourcecode.swift; path = EmojiTableViewController.swift; sourceTree = "<group>"; };
		2AA4C9AC2099708900E004CD /* ScrollView.storyboard */ = {isa = PBXFileReference; lastKnownFileType = file.storyboard; path = ScrollView.storyboard; sourceTree = "<group>"; };
		2AA4C9AE209970FF00E004CD /* TableView.storyboard */ = {isa = PBXFileReference; lastKnownFileType = file.storyboard; path = TableView.storyboard; sourceTree = "<group>"; };
		2AA4C9B02099714500E004CD /* CustomView.storyboard */ = {isa = PBXFileReference; lastKnownFileType = file.storyboard; path = CustomView.storyboard; sourceTree = "<group>"; };
		2AA4C9B22099718500E004CD /* Segues.storyboard */ = {isa = PBXFileReference; lastKnownFileType = file.storyboard; path = Segues.storyboard; sourceTree = "<group>"; };
		2AA4C9B52099721900E004CD /* Multimedia.storyboard */ = {isa = PBXFileReference; lastKnownFileType = file.storyboard; path = Multimedia.storyboard; sourceTree = "<group>"; };
		2AA4C9B72099731700E004CD /* MultimediaViewController.swift */ = {isa = PBXFileReference; lastKnownFileType = sourcecode.swift; path = MultimediaViewController.swift; sourceTree = "<group>"; };
		2AA4C9B9209975FA00E004CD /* Song.mp3 */ = {isa = PBXFileReference; lastKnownFileType = audio.mp3; path = Song.mp3; sourceTree = "<group>"; };
		2AA4CFE7214189430054EAC9 /* ObjcNetTableViewController.h */ = {isa = PBXFileReference; lastKnownFileType = sourcecode.c.h; path = ObjcNetTableViewController.h; sourceTree = "<group>"; };
		2AA4CFE8214189430054EAC9 /* ObjcNetTableViewController.m */ = {isa = PBXFileReference; lastKnownFileType = sourcecode.c.objc; path = ObjcNetTableViewController.m; sourceTree = "<group>"; };
		2AA4CFED214189B00054EAC9 /* ObjcNet.storyboard */ = {isa = PBXFileReference; lastKnownFileType = file.storyboard; path = ObjcNet.storyboard; sourceTree = "<group>"; };
		2AA4CFEF21418DE20054EAC9 /* Model.h */ = {isa = PBXFileReference; lastKnownFileType = sourcecode.c.h; path = Model.h; sourceTree = "<group>"; };
		2AA4CFF021418DE20054EAC9 /* Model.m */ = {isa = PBXFileReference; lastKnownFileType = sourcecode.c.objc; path = Model.m; sourceTree = "<group>"; };
		2AA4CFF221418EF30054EAC9 /* NetUtils.h */ = {isa = PBXFileReference; lastKnownFileType = sourcecode.c.h; path = NetUtils.h; sourceTree = "<group>"; };
		2AA4CFF321418EF30054EAC9 /* NetUtils.m */ = {isa = PBXFileReference; lastKnownFileType = sourcecode.c.objc; path = NetUtils.m; sourceTree = "<group>"; };
		2AA4CFF5214190870054EAC9 /* NetProtocol.h */ = {isa = PBXFileReference; lastKnownFileType = sourcecode.c.h; path = NetProtocol.h; sourceTree = "<group>"; };
		2AA6578E212925EF00268B29 /* AddEditEmojiTableViewController.swift */ = {isa = PBXFileReference; lastKnownFileType = sourcecode.swift; path = AddEditEmojiTableViewController.swift; sourceTree = "<group>"; };
		2AAA9DE1209F7BC60034D1BF /* ContactsManager.swift */ = {isa = PBXFileReference; lastKnownFileType = sourcecode.swift; path = ContactsManager.swift; sourceTree = "<group>"; };
		2AAA9DE3209F84A10034D1BF /* Contact.swift */ = {isa = PBXFileReference; lastKnownFileType = sourcecode.swift; path = Contact.swift; sourceTree = "<group>"; };
		2AABA4BF209FB2C8008CB7FC /* User.swift */ = {isa = PBXFileReference; lastKnownFileType = sourcecode.swift; path = User.swift; sourceTree = "<group>"; };
		2AABA4C1209FB333008CB7FC /* Response.swift */ = {isa = PBXFileReference; lastKnownFileType = sourcecode.swift; path = Response.swift; sourceTree = "<group>"; };
		2AAC95C3209C1C6900255840 /* Location.storyboard */ = {isa = PBXFileReference; lastKnownFileType = file.storyboard; path = Location.storyboard; sourceTree = "<group>"; };
		2AAC95C5209C1C7800255840 /* LocationViewController.swift */ = {isa = PBXFileReference; lastKnownFileType = sourcecode.swift; path = LocationViewController.swift; sourceTree = "<group>"; };
		2AB2523320AE928F00D5C33E /* base64json */ = {isa = PBXFileReference; fileEncoding = 4; lastKnownFileType = text; path = base64json; sourceTree = "<group>"; };
		2AB3CA582141FA1D00CF8F35 /* Fonts.storyboard */ = {isa = PBXFileReference; lastKnownFileType = file.storyboard; path = Fonts.storyboard; sourceTree = "<group>"; };
		2AB3CA5A2142033F00CF8F35 /* IndieFlower.ttf */ = {isa = PBXFileReference; lastKnownFileType = file; path = IndieFlower.ttf; sourceTree = "<group>"; };
		2AB3CA5B2142033F00CF8F35 /* Lobster-Regular.ttf */ = {isa = PBXFileReference; lastKnownFileType = file; path = "Lobster-Regular.ttf"; sourceTree = "<group>"; };
		2AB98D8021264B220000D768 /* ScrollViewController.swift */ = {isa = PBXFileReference; lastKnownFileType = sourcecode.swift; path = ScrollViewController.swift; sourceTree = "<group>"; };
		2ABA9C912165C1BE0054BFD8 /* xibViewController.h */ = {isa = PBXFileReference; lastKnownFileType = sourcecode.c.h; path = xibViewController.h; sourceTree = "<group>"; };
		2ABA9C922165C1BE0054BFD8 /* xibViewController.m */ = {isa = PBXFileReference; lastKnownFileType = sourcecode.c.objc; path = xibViewController.m; sourceTree = "<group>"; };
		2ABA9C982165C5B60054BFD8 /* xibs.xib */ = {isa = PBXFileReference; lastKnownFileType = file.xib; path = xibs.xib; sourceTree = "<group>"; };
		2ABA9C9B2165C6A70054BFD8 /* xibs.h */ = {isa = PBXFileReference; lastKnownFileType = sourcecode.c.h; path = xibs.h; sourceTree = "<group>"; };
		2ABA9C9C2165C6A70054BFD8 /* xibs.m */ = {isa = PBXFileReference; lastKnownFileType = sourcecode.c.objc; path = xibs.m; sourceTree = "<group>"; };
		2ABDF5BD219BB2B9004A4D9D /* Notifications.storyboard */ = {isa = PBXFileReference; lastKnownFileType = file.storyboard; path = Notifications.storyboard; sourceTree = "<group>"; };
		2ABDF5BF219BB2F9004A4D9D /* NotificationsViewController.swift */ = {isa = PBXFileReference; lastKnownFileType = sourcecode.swift; path = NotificationsViewController.swift; sourceTree = "<group>"; };
		2ABDF5C5219BB448004A4D9D /* ShadowView.swift */ = {isa = PBXFileReference; lastKnownFileType = sourcecode.swift; path = ShadowView.swift; sourceTree = "<group>"; };
		2AC1B41520AE84E700CA0858 /* UserResponse.swift */ = {isa = PBXFileReference; lastKnownFileType = sourcecode.swift; path = UserResponse.swift; sourceTree = "<group>"; };
		2AC1B41720AE851800CA0858 /* User64.swift */ = {isa = PBXFileReference; lastKnownFileType = sourcecode.swift; path = User64.swift; sourceTree = "<group>"; };
		2AC3DE882119606E0077A57E /* LongPressViewController.swift */ = {isa = PBXFileReference; lastKnownFileType = sourcecode.swift; path = LongPressViewController.swift; sourceTree = "<group>"; };
		2AC4978220ABC2BA00E222BD /* UIButtonsInUITableView.storyboard */ = {isa = PBXFileReference; lastKnownFileType = file.storyboard; path = UIButtonsInUITableView.storyboard; sourceTree = "<group>"; };
		2AC7285C209D5C1A00631E93 /* car.png */ = {isa = PBXFileReference; lastKnownFileType = image.png; path = car.png; sourceTree = "<group>"; };
		2AD11089209A2AA3002F4B3C /* VideoViewController.swift */ = {isa = PBXFileReference; lastKnownFileType = sourcecode.swift; path = VideoViewController.swift; sourceTree = "<group>"; };
		2AD1108C209A2ED1002F4B3C /* Video.mp4 */ = {isa = PBXFileReference; lastKnownFileType = file; path = Video.mp4; sourceTree = "<group>"; };
		2AD1108F209A3463002F4B3C /* PhotosAndVideos.storyboard */ = {isa = PBXFileReference; lastKnownFileType = file.storyboard; path = PhotosAndVideos.storyboard; sourceTree = "<group>"; };
		2AD11091209A3528002F4B3C /* CapturePhotosAndVideosViewController.swift */ = {isa = PBXFileReference; lastKnownFileType = sourcecode.swift; path = CapturePhotosAndVideosViewController.swift; sourceTree = "<group>"; };
		2AD2CD6121A09B9100F033EB /* LocationAlert.gif */ = {isa = PBXFileReference; lastKnownFileType = image.gif; path = LocationAlert.gif; sourceTree = "<group>"; };
		2AD2CD6521A09CC400F033EB /* DateAlert.gif */ = {isa = PBXFileReference; lastKnownFileType = image.gif; path = DateAlert.gif; sourceTree = "<group>"; };
		2AD2CD6721A09D2E00F033EB /* NotificationActionID.swift */ = {isa = PBXFileReference; lastKnownFileType = sourcecode.swift; path = NotificationActionID.swift; sourceTree = "<group>"; };
		2AD2CD6921A09E9400F033EB /* NotificationCategory.swift */ = {isa = PBXFileReference; lastKnownFileType = sourcecode.swift; path = NotificationCategory.swift; sourceTree = "<group>"; };
		2AD7CA6C20E463CE001A8F12 /* Stacks.storyboard */ = {isa = PBXFileReference; lastKnownFileType = file.storyboard; path = Stacks.storyboard; sourceTree = "<group>"; };
		2AD7E82D2123DD480073B944 /* CustomTabBar.storyboard */ = {isa = PBXFileReference; lastKnownFileType = file.storyboard; path = CustomTabBar.storyboard; sourceTree = "<group>"; };
		2AD7E82F2123DD780073B944 /* CustomTabBarController.swift */ = {isa = PBXFileReference; lastKnownFileType = sourcecode.swift; path = CustomTabBarController.swift; sourceTree = "<group>"; };
		2ADA09DD2099398600FDB60F /* BlueViewController.swift */ = {isa = PBXFileReference; lastKnownFileType = sourcecode.swift; path = BlueViewController.swift; sourceTree = "<group>"; };
		2ADA09DF2099399100FDB60F /* RedViewController.swift */ = {isa = PBXFileReference; lastKnownFileType = sourcecode.swift; path = RedViewController.swift; sourceTree = "<group>"; };
		2ADA09E120993A0100FDB60F /* FirstViewController.swift */ = {isa = PBXFileReference; lastKnownFileType = sourcecode.swift; path = FirstViewController.swift; sourceTree = "<group>"; };
		2ADA09E420993C7600FDB60F /* CustomSegue.swift */ = {isa = PBXFileReference; lastKnownFileType = sourcecode.swift; path = CustomSegue.swift; sourceTree = "<group>"; };
		2ADA24618385EBAED09860EA /* Pods-Pruebas.release.xcconfig */ = {isa = PBXFileReference; includeInIndex = 1; lastKnownFileType = text.xcconfig; name = "Pods-Pruebas.release.xcconfig"; path = "Pods/Target Support Files/Pods-Pruebas/Pods-Pruebas.release.xcconfig"; sourceTree = "<group>"; };
		2ADAD1C620B5F8BA0080B03B /* PercentageView.swift */ = {isa = PBXFileReference; lastKnownFileType = sourcecode.swift; path = PercentageView.swift; sourceTree = "<group>"; };
		2ADCEE56211DFFC70073CB1D /* DetailViewController.swift */ = {isa = PBXFileReference; lastKnownFileType = sourcecode.swift; path = DetailViewController.swift; sourceTree = "<group>"; };
		2ADF8C8921A233A0003244F4 /* SpringAnimationsViewController.swift */ = {isa = PBXFileReference; lastKnownFileType = sourcecode.swift; path = SpringAnimationsViewController.swift; sourceTree = "<group>"; };
		2AE2DA2220CB245D00C3DD37 /* SameAsAndroid.storyboard */ = {isa = PBXFileReference; lastKnownFileType = file.storyboard; path = SameAsAndroid.storyboard; sourceTree = "<group>"; };
		2AE2DA2420CB28E900C3DD37 /* WordViewController.swift */ = {isa = PBXFileReference; lastKnownFileType = sourcecode.swift; path = WordViewController.swift; sourceTree = "<group>"; };
		2AE2DA2620CB2B4D00C3DD37 /* Word.swift */ = {isa = PBXFileReference; lastKnownFileType = sourcecode.swift; path = Word.swift; sourceTree = "<group>"; };
		2AE2DA2820CB2B8400C3DD37 /* AndroidTableViewController.swift */ = {isa = PBXFileReference; lastKnownFileType = sourcecode.swift; path = AndroidTableViewController.swift; sourceTree = "<group>"; };
		2AE2DA2A20CB31BD00C3DD37 /* WordCell.swift */ = {isa = PBXFileReference; lastKnownFileType = sourcecode.swift; path = WordCell.swift; sourceTree = "<group>"; };
		2AE46D0C219BBC8D00A8FB69 /* UNService.swift */ = {isa = PBXFileReference; lastKnownFileType = sourcecode.swift; path = UNService.swift; sourceTree = "<group>"; };
		2AE46D0E219BDA8200A8FB69 /* AlertService.swift */ = {isa = PBXFileReference; lastKnownFileType = sourcecode.swift; path = AlertService.swift; sourceTree = "<group>"; };
		2AEDC5FC20A8E7780066170F /* Pagination.storyboard */ = {isa = PBXFileReference; lastKnownFileType = file.storyboard; path = Pagination.storyboard; sourceTree = "<group>"; };
		2AEDC5FF20A8E88C0066170F /* PaginationViewController.swift */ = {isa = PBXFileReference; lastKnownFileType = sourcecode.swift; path = PaginationViewController.swift; sourceTree = "<group>"; };
		2AEDC60120A8EA310066170F /* Model.swift */ = {isa = PBXFileReference; lastKnownFileType = sourcecode.swift; path = Model.swift; sourceTree = "<group>"; };
		2AEDC60320A8EDF00066170F /* Responser.swift */ = {isa = PBXFileReference; lastKnownFileType = sourcecode.swift; path = Responser.swift; sourceTree = "<group>"; };
		2AEDC60520A8EE3E0066170F /* Info.swift */ = {isa = PBXFileReference; lastKnownFileType = sourcecode.swift; path = Info.swift; sourceTree = "<group>"; };
		2AEDC60720A8EEF90066170F /* Picture.swift */ = {isa = PBXFileReference; lastKnownFileType = sourcecode.swift; path = Picture.swift; sourceTree = "<group>"; };
		2AEDC60920A8EF5E0066170F /* Connections.swift */ = {isa = PBXFileReference; lastKnownFileType = sourcecode.swift; path = Connections.swift; sourceTree = "<group>"; };
		2AFC4220209D6429000C1E42 /* deathStar.png */ = {isa = PBXFileReference; lastKnownFileType = image.png; path = deathStar.png; sourceTree = "<group>"; };
		2AFD910121A09A3100682B3A /* TimeAlert.gif */ = {isa = PBXFileReference; lastKnownFileType = image.gif; path = TimeAlert.gif; sourceTree = "<group>"; };
		2AFEDACD2130572300052FEE /* Pruebas-Bridging-Header.h */ = {isa = PBXFileReference; lastKnownFileType = sourcecode.c.h; path = "Pruebas-Bridging-Header.h"; sourceTree = "<group>"; };
		2AFF8252214B70F500A742FF /* FontsViewController.swift */ = {isa = PBXFileReference; lastKnownFileType = sourcecode.swift; path = FontsViewController.swift; sourceTree = "<group>"; };
		A7A47EC870462D10C97EE859 /* Pods_Pruebas.framework */ = {isa = PBXFileReference; explicitFileType = wrapper.framework; includeInIndex = 0; path = Pods_Pruebas.framework; sourceTree = BUILT_PRODUCTS_DIR; };
/* End PBXFileReference section */

/* Begin PBXFrameworksBuildPhase section */
		2A3A093320956F690095F163 /* Frameworks */ = {
			isa = PBXFrameworksBuildPhase;
			buildActionMask = 2147483647;
			files = (
				2A4D7DE121DC30D1005B4A48 /* KeychainAccess.framework in Frameworks */,
				2A4D7DE321DC30D1005B4A48 /* NSGIF.framework in Frameworks */,
				2A4D7DE521DC30D1005B4A48 /* Realm.framework in Frameworks */,
				2A4D7DE721DC30D1005B4A48 /* RealmSwift.framework in Frameworks */,
				2A4D7DE921DC30D1005B4A48 /* UILoadControl.framework in Frameworks */,
				2A31269E21534A3F00960871 /* ImageIO.framework in Frameworks */,
				A89B819C620CA9FDB08F6A6B /* Pods_Pruebas.framework in Frameworks */,
			);
			runOnlyForDeploymentPostprocessing = 0;
		};
/* End PBXFrameworksBuildPhase section */

/* Begin PBXGroup section */
		2A04476C20ADE0E800383D6F /* Realm */ = {
			isa = PBXGroup;
			children = (
				2A04476D20ADE10100383D6F /* Realm.storyboard */,
				2A04476F20ADE14300383D6F /* RealmTableViewController.swift */,
				2A04477120ADE62A00383D6F /* SecondViewController.swift */,
				2A04477320ADE71B00383D6F /* DBManager.swift */,
			);
			path = Realm;
			sourceTree = "<group>";
		};
		2A053E762098213F00928204 /* Working with tableViews */ = {
			isa = PBXGroup;
			children = (
				2AA249F3212678E200874A60 /* EmojiDictionary */,
				2AC4978120ABC29900E222BD /* UIButtons in UITableView */,
				2AEDC5FE20A8E86C0066170F /* Pagination */,
				2A053E74209820CB00928204 /* TableViewController.swift */,
				2ADCEE56211DFFC70073CB1D /* DetailViewController.swift */,
				2A053E78209821B100928204 /* Text.swift */,
				2AA4C9AE209970FF00E004CD /* TableView.storyboard */,
			);
			path = "Working with tableViews";
			sourceTree = "<group>";
		};
		2A053E772098216100928204 /* Working with interface builder */ = {
			isa = PBXGroup;
			children = (
				2A3A093B20956F690095F163 /* ViewController.swift */,
				2AA4C9AC2099708900E004CD /* ScrollView.storyboard */,
				2AB98D8021264B220000D768 /* ScrollViewController.swift */,
				2A697DC521F5486B001E473A /* PiratesViewController.swift */,
				2A46D74521F6CD79000C2FCE /* PopOverViewController.swift */,
			);
			path = "Working with interface builder";
			sourceTree = "<group>";
		};
		2A07BB0021DC340B00513EFB /* To Do List */ = {
			isa = PBXGroup;
			children = (
				2A295AB721DC722300134F71 /* Model */,
				2A295AB821DC722B00134F71 /* View */,
				2A295AB921DC723300134F71 /* Controller */,
			);
			path = "To Do List";
			sourceTree = "<group>";
		};
		2A12B24D21796B9E00CA551A /* SSLPinning */ = {
			isa = PBXGroup;
			children = (
				2A12B24E21796BB300CA551A /* SSLPinning.storyboard */,
				2A12B25021796BCA00CA551A /* SSLPinningViewController.swift */,
			);
			path = SSLPinning;
			sourceTree = "<group>";
		};
		2A17F19D209D6669009DF9DC /* Using touch ID */ = {
			isa = PBXGroup;
			children = (
				2A17F19E209D667E009DF9DC /* 3DTouch.storyboard */,
				2A17F1A0209D670A009DF9DC /* 3DTouchViewController.swift */,
			);
			path = "Using touch ID";
			sourceTree = "<group>";
		};
		2A1F24962153246300685499 /* ObjC ImagePicker */ = {
			isa = PBXGroup;
			children = (
				2A63FC81215329EA009E03D2 /* Picker.storyboard */,
				2A63FC7E215328F8009E03D2 /* PickerViewController.h */,
				2A63FC7F215328F8009E03D2 /* PickerViewController.m */,
				2A3126A02153555500960871 /* PickerViewController+Picker.h */,
				2A3126A12153555500960871 /* PickerViewController+Picker.m */,
				2A31269A2153427600960871 /* UIImage+Gif.h */,
				2A31269B2153427600960871 /* UIImage+Gif.m */,
				2A31269F21534CC700960871 /* DidTakePhotoProtocol.h */,
				2A23243121547CAA00E929D4 /* Gif.h */,
				2A23243221547CAA00E929D4 /* Gif.m */,
				2A407D292155FECD001FCFC3 /* CollectionViewCell.h */,
				2A407D2A2155FECD001FCFC3 /* CollectionViewCell.m */,
				2A407D2C2155FF15001FCFC3 /* GifCollectionViewController.h */,
				2A407D2D2155FF15001FCFC3 /* GifCollectionViewController.m */,
				2ABA9C912165C1BE0054BFD8 /* xibViewController.h */,
				2ABA9C922165C1BE0054BFD8 /* xibViewController.m */,
				2ABA9C982165C5B60054BFD8 /* xibs.xib */,
				2ABA9C9B2165C6A70054BFD8 /* xibs.h */,
				2ABA9C9C2165C6A70054BFD8 /* xibs.m */,
			);
			path = "ObjC ImagePicker";
			sourceTree = "<group>";
		};
		2A218BED213750BD005AC2B2 /* Hotel Manzana */ = {
			isa = PBXGroup;
			children = (
				2A218BEF213750CC005AC2B2 /* HotelManzana.storyboard */,
				2A218BF0213750CC005AC2B2 /* Registration.swift */,
				2A52BACB2138694300183ABF /* SelectRoomTypeTableViewController.swift */,
				2A218BEE213750CC005AC2B2 /* RoomType.swift */,
				2A218BF421375349005AC2B2 /* AddRegistrationTableViewController.swift */,
			);
			path = "Hotel Manzana";
			sourceTree = "<group>";
		};
		2A295AB721DC722300134F71 /* Model */ = {
			isa = PBXGroup;
			children = (
				2A295ABA21DC727600134F71 /* ChecklistItem.swift */,
				2A295ABC21DC7E2600134F71 /* TodoList.swift */,
			);
			path = Model;
			sourceTree = "<group>";
		};
		2A295AB821DC722B00134F71 /* View */ = {
			isa = PBXGroup;
			children = (
				2A07BB0121DC343200513EFB /* ToDoList.storyboard */,
			);
			path = View;
			sourceTree = "<group>";
		};
		2A295AB921DC723300134F71 /* Controller */ = {
			isa = PBXGroup;
			children = (
				2A07BB0321DC349A00513EFB /* ToDoListController.swift */,
				2A65E5A121DDC14200EF4C59 /* ItemDetailViewController.swift */,
				2A59DC9B21DFE7E700C80E1C /* CheckListCell.swift */,
			);
			path = Controller;
			sourceTree = "<group>";
		};
		2A2EAFB020C3A9A400073860 /* Gestures */ = {
			isa = PBXGroup;
			children = (
				2A2EAFB120C3A9BC00073860 /* Gestures.storyboard */,
				2A2EAFB320C3AA3500073860 /* GesturesViewController.swift */,
			);
			path = Gestures;
			sourceTree = "<group>";
		};
		2A35D74721A27C8700FA6657 /* Torch */ = {
			isa = PBXGroup;
			children = (
				2A35D74821A27C9A00FA6657 /* TorchViewController.swift */,
				2A35D75721A27EA400FA6657 /* Person.swift */,
				2A35D74A21A27CD700FA6657 /* CardStack.swift */,
				2A35D75921A2808300FA6657 /* CardView.swift */,
				2A09380721A3C1C600A1EBFE /* StatusPill.swift */,
			);
			path = Torch;
			sourceTree = "<group>";
		};
		2A38EBA421B444AC0089883A /* BullsEyeGame */ = {
			isa = PBXGroup;
			children = (
				2A38EBA521B444C60089883A /* BullsEyeGame.storyboard */,
				2A38EBA721B447090089883A /* BullEyeGameViewController.swift */,
				2A726CD521BA279A006E8679 /* AboutViewController.swift */,
			);
			path = BullsEyeGame;
			sourceTree = "<group>";
		};
		2A3A092D20956F690095F163 = {
			isa = PBXGroup;
			children = (
				2A3A093820956F690095F163 /* Pruebas */,
				2A3A093720956F690095F163 /* Products */,
				7BE645D48D9B59BBA8416E16 /* Frameworks */,
				A6F70C7E7C9E535F8DC57D59 /* Pods */,
			);
			sourceTree = "<group>";
		};
		2A3A093720956F690095F163 /* Products */ = {
			isa = PBXGroup;
			children = (
				2A3A093620956F690095F163 /* Pruebas.app */,
			);
			name = Products;
			sourceTree = "<group>";
		};
		2A3A093820956F690095F163 /* Pruebas */ = {
			isa = PBXGroup;
			children = (
				2A64B34D217C2B48006CAB08 /* bancomer.cer */,
				2A37888921A5077B00AD1957 /* R2D2.mp3 */,
				2A4D4C95209EBA0200D498F0 /* Pruebas.entitlements */,
				2A3A093920956F690095F163 /* AppDelegate.swift */,
				2A3A093D20956F690095F163 /* Main.storyboard */,
				2A63FC8321532A99009E03D2 /* Strings.h */,
				2A053E772098216100928204 /* Working with interface builder */,
				2A053E762098213F00928204 /* Working with tableViews */,
				2A218BED213750BD005AC2B2 /* Hotel Manzana */,
				2A56D8512098E83D001A1352 /* Animations and Graphics */,
				2ADA09DC2099396D00FDB60F /* Segues */,
				2AA4C9B4209971F800E004CD /* Multimedia */,
				2AD1108E209A3440002F4B3C /* Capturing Photos and Videos */,
				2AAC95C2209C1C4A00255840 /* Location Services */,
				2A17F19D209D6669009DF9DC /* Using touch ID */,
				2A4D4C96209EC15C00D498F0 /* Networking */,
				2A98A76C209FF5A6004A39A0 /* Core Data */,
				2A04476C20ADE0E800383D6F /* Realm */,
				2A2EAFB020C3A9A400073860 /* Gestures */,
				2AE2DA2120CB244300C3DD37 /* Same as Android */,
				2AD7CA6B20E463B3001A8F12 /* Stacks */,
				2AC3DE872119604B0077A57E /* LongPressRecognizer */,
				2AD7E82C2123DBED0073B944 /* Custom TabBar */,
				2AA4CFE6214189120054EAC9 /* ObjC networking */,
				2AB3CA572141FA0800CF8F35 /* Fonts */,
				2A1F24962153246300685499 /* ObjC ImagePicker */,
				2A12B24D21796B9E00CA551A /* SSLPinning */,
				2A804816219544CF002F7081 /* Collapsable UITableView */,
				2ABDF5BC219BB255004A4D9D /* Notifications */,
				2A4301EB21A908FE00332CE0 /* Tic-Tac-Toe */,
				2A38EBA421B444AC0089883A /* BullsEyeGame */,
				2A07BB0021DC340B00513EFB /* To Do List */,
				2A3A094020956F6A0095F163 /* Assets.xcassets */,
				2AFD910121A09A3100682B3A /* TimeAlert.gif */,
				2AD2CD6121A09B9100F033EB /* LocationAlert.gif */,
				2AD2CD6521A09CC400F033EB /* DateAlert.gif */,
				2A3A094220956F6A0095F163 /* LaunchScreen.storyboard */,
				2A3A094520956F6A0095F163 /* Info.plist */,
				2AFEDACD2130572300052FEE /* Pruebas-Bridging-Header.h */,
			);
			path = Pruebas;
			sourceTree = "<group>";
		};
		2A4301EB21A908FE00332CE0 /* Tic-Tac-Toe */ = {
			isa = PBXGroup;
			children = (
				2A4301EC21A9093300332CE0 /* TicTacToe.storyboard */,
				2A4301EE21A90C2A00332CE0 /* TicTacToeViewController.swift */,
			);
			path = "Tic-Tac-Toe";
			sourceTree = "<group>";
		};
		2A4D4C96209EC15C00D498F0 /* Networking */ = {
			isa = PBXGroup;
			children = (
				2A4D4C97209EC1D700D498F0 /* Networking.storyboard */,
				2A4D4C99209EC1E400D498F0 /* NetworkingViewController.swift */,
				2AAA9DE1209F7BC60034D1BF /* ContactsManager.swift */,
				2AAA9DE3209F84A10034D1BF /* Contact.swift */,
				2AABA4BF209FB2C8008CB7FC /* User.swift */,
				2AABA4C1209FB333008CB7FC /* Response.swift */,
				2A63FFF720DA0F7C0093382D /* ContactDetailViewController.swift */,
			);
			path = Networking;
			sourceTree = "<group>";
		};
		2A56D8512098E83D001A1352 /* Animations and Graphics */ = {
			isa = PBXGroup;
			children = (
				2A35D74721A27C8700FA6657 /* Torch */,
				2A56D84F2098E836001A1352 /* AnimationsViewController.swift */,
				2ADAD1C620B5F8BA0080B03B /* PercentageView.swift */,
				2A56D8522098E9FD001A1352 /* CustomView.swift */,
				2A06061E20B6032B005BED85 /* NewWayViewController.swift */,
				2A01BC3020E02237001B7476 /* CADisplayLinkViewController.swift */,
				2A1AF2A5212E5B35002C8BFA /* FlyingSquaresViewController.swift */,
				2AA4C9B02099714500E004CD /* CustomView.storyboard */,
				2A7231522130ABB1004EC266 /* MusicViewController.swift */,
				2A7231542130AF8A004EC266 /* ButtonStyle.swift */,
				2ADF8C8921A233A0003244F4 /* SpringAnimationsViewController.swift */,
			);
			path = "Animations and Graphics";
			sourceTree = "<group>";
		};
		2A804816219544CF002F7081 /* Collapsable UITableView */ = {
			isa = PBXGroup;
			children = (
				2A80481721954541002F7081 /* CollapsableTableViewController.swift */,
				2A8048192195458E002F7081 /* CollapsableTableView.storyboard */,
			);
			path = "Collapsable UITableView";
			sourceTree = "<group>";
		};
		2A98A76C209FF5A6004A39A0 /* Core Data */ = {
			isa = PBXGroup;
			children = (
				2A98A76D209FF5C1004A39A0 /* CoreData.storyboard */,
				2A98A76F209FF5E1004A39A0 /* CoreDataViewController.swift */,
				2A98A771209FF837004A39A0 /* TodoApp.xcdatamodeld */,
				2A98A774209FFA0E004A39A0 /* Model */,
			);
			path = "Core Data";
			sourceTree = "<group>";
		};
		2A98A774209FFA0E004A39A0 /* Model */ = {
			isa = PBXGroup;
			children = (
				2A98A775209FFA2E004A39A0 /* AbstractManager.swift */,
				2A98A798209FFC0A004A39A0 /* TaskListManager.swift */,
			);
			path = Model;
			sourceTree = "<group>";
		};
		2AA249F3212678E200874A60 /* EmojiDictionary */ = {
			isa = PBXGroup;
			children = (
				2AA249F42126790400874A60 /* Emojis.storyboard */,
				2AA249F62126799600874A60 /* Emoji.swift */,
				2AA249F821267E7A00874A60 /* EmojiTableViewController.swift */,
				2A1E541D212890FB008EFEC6 /* EmojiCell.swift */,
				2AA6578E212925EF00268B29 /* AddEditEmojiTableViewController.swift */,
			);
			path = EmojiDictionary;
			sourceTree = "<group>";
		};
		2AA4C9B4209971F800E004CD /* Multimedia */ = {
			isa = PBXGroup;
			children = (
				2AA4C9B9209975FA00E004CD /* Song.mp3 */,
				2AD1108C209A2ED1002F4B3C /* Video.mp4 */,
				2AA4C9B52099721900E004CD /* Multimedia.storyboard */,
				2AA4C9B72099731700E004CD /* MultimediaViewController.swift */,
				2AD11089209A2AA3002F4B3C /* VideoViewController.swift */,
			);
			path = Multimedia;
			sourceTree = "<group>";
		};
		2AA4CFE6214189120054EAC9 /* ObjC networking */ = {
			isa = PBXGroup;
			children = (
				2AA4CFE7214189430054EAC9 /* ObjcNetTableViewController.h */,
				2AA4CFE8214189430054EAC9 /* ObjcNetTableViewController.m */,
				2AA4CFED214189B00054EAC9 /* ObjcNet.storyboard */,
				2AA4CFEF21418DE20054EAC9 /* Model.h */,
				2AA4CFF021418DE20054EAC9 /* Model.m */,
				2AA4CFF221418EF30054EAC9 /* NetUtils.h */,
				2AA4CFF321418EF30054EAC9 /* NetUtils.m */,
				2AA4CFF5214190870054EAC9 /* NetProtocol.h */,
				2A2F7159214EEFE300348C2A /* House.h */,
				2A2F715A214EEFE300348C2A /* House.m */,
				2A2F715C214EF5B700348C2A /* Bedroom.h */,
				2A2F715D214EF5B700348C2A /* Bedroom.m */,
				2A28B151214F1FD3004D7153 /* RPSGame.h */,
				2A28B152214F1FD3004D7153 /* RPSGame.m */,
				2A28B154214F1FE5004D7153 /* RPSTurn.h */,
				2A28B155214F1FE5004D7153 /* RPSTurn.m */,
				2A28B15A214F2566004D7153 /* RockPaperScissorsViewController.h */,
				2A28B15B214F2566004D7153 /* RockPaperScissorsViewController.m */,
			);
			path = "ObjC networking";
			sourceTree = "<group>";
		};
		2AAC95C2209C1C4A00255840 /* Location Services */ = {
			isa = PBXGroup;
			children = (
				2AC7285C209D5C1A00631E93 /* car.png */,
				2AFC4220209D6429000C1E42 /* deathStar.png */,
				2AAC95C3209C1C6900255840 /* Location.storyboard */,
				2AAC95C5209C1C7800255840 /* LocationViewController.swift */,
			);
			path = "Location Services";
			sourceTree = "<group>";
		};
		2AB3CA572141FA0800CF8F35 /* Fonts */ = {
			isa = PBXGroup;
			children = (
				2AB3CA5A2142033F00CF8F35 /* IndieFlower.ttf */,
				2AB3CA5B2142033F00CF8F35 /* Lobster-Regular.ttf */,
				2AB3CA582141FA1D00CF8F35 /* Fonts.storyboard */,
				2AFF8252214B70F500A742FF /* FontsViewController.swift */,
			);
			path = Fonts;
			sourceTree = "<group>";
		};
		2ABDF5BC219BB255004A4D9D /* Notifications */ = {
			isa = PBXGroup;
			children = (
				2ABDF5C4219BB356004A4D9D /* View */,
				2ABDF5C3219BB351004A4D9D /* Controller */,
				2ABDF5C2219BB34A004A4D9D /* Model */,
				2ABDF5C1219BB340004A4D9D /* Service */,
			);
			path = Notifications;
			sourceTree = "<group>";
		};
		2ABDF5C1219BB340004A4D9D /* Service */ = {
			isa = PBXGroup;
			children = (
				2AE46D0C219BBC8D00A8FB69 /* UNService.swift */,
				2AE46D0E219BDA8200A8FB69 /* AlertService.swift */,
				2A08BBCD219FD2820083683B /* CLService.swift */,
			);
			path = Service;
			sourceTree = "<group>";
		};
		2ABDF5C2219BB34A004A4D9D /* Model */ = {
			isa = PBXGroup;
			children = (
				2AD2CD6721A09D2E00F033EB /* NotificationActionID.swift */,
				2A4A2EE821A0932600ED199C /* NotificationAttachmentID.swift */,
				2AD2CD6921A09E9400F033EB /* NotificationCategory.swift */,
			);
			path = Model;
			sourceTree = "<group>";
		};
		2ABDF5C3219BB351004A4D9D /* Controller */ = {
			isa = PBXGroup;
			children = (
				2ABDF5BF219BB2F9004A4D9D /* NotificationsViewController.swift */,
			);
			path = Controller;
			sourceTree = "<group>";
		};
		2ABDF5C4219BB356004A4D9D /* View */ = {
			isa = PBXGroup;
			children = (
				2ABDF5BD219BB2B9004A4D9D /* Notifications.storyboard */,
				2ABDF5C5219BB448004A4D9D /* ShadowView.swift */,
			);
			path = View;
			sourceTree = "<group>";
		};
		2AC3DE872119604B0077A57E /* LongPressRecognizer */ = {
			isa = PBXGroup;
			children = (
				2AC3DE882119606E0077A57E /* LongPressViewController.swift */,
			);
			path = LongPressRecognizer;
			sourceTree = "<group>";
		};
		2AC4978120ABC29900E222BD /* UIButtons in UITableView */ = {
			isa = PBXGroup;
			children = (
				2AC4978220ABC2BA00E222BD /* UIButtonsInUITableView.storyboard */,
				2A140D8420ABC83000202E0F /* ButtonedTableViewController.swift */,
			);
			path = "UIButtons in UITableView";
			sourceTree = "<group>";
		};
		2AD1108E209A3440002F4B3C /* Capturing Photos and Videos */ = {
			isa = PBXGroup;
			children = (
				2AD1108F209A3463002F4B3C /* PhotosAndVideos.storyboard */,
				2AD11091209A3528002F4B3C /* CapturePhotosAndVideosViewController.swift */,
			);
			path = "Capturing Photos and Videos";
			sourceTree = "<group>";
		};
		2AD7CA6B20E463B3001A8F12 /* Stacks */ = {
			isa = PBXGroup;
			children = (
				2AD7CA6C20E463CE001A8F12 /* Stacks.storyboard */,
				2A38BAC62100000800FC3022 /* StacksViewController.swift */,
			);
			path = Stacks;
			sourceTree = "<group>";
		};
		2AD7E82C2123DBED0073B944 /* Custom TabBar */ = {
			isa = PBXGroup;
			children = (
				2AD7E82D2123DD480073B944 /* CustomTabBar.storyboard */,
				2AD7E82F2123DD780073B944 /* CustomTabBarController.swift */,
			);
			path = "Custom TabBar";
			sourceTree = "<group>";
		};
		2ADA09DC2099396D00FDB60F /* Segues */ = {
			isa = PBXGroup;
			children = (
				2ADA09DD2099398600FDB60F /* BlueViewController.swift */,
				2ADA09DF2099399100FDB60F /* RedViewController.swift */,
				2ADA09E120993A0100FDB60F /* FirstViewController.swift */,
				2ADA09E420993C7600FDB60F /* CustomSegue.swift */,
				2AA4C9B22099718500E004CD /* Segues.storyboard */,
			);
			path = Segues;
			sourceTree = "<group>";
		};
		2AE2DA2120CB244300C3DD37 /* Same as Android */ = {
			isa = PBXGroup;
			children = (
				2AE2DA2220CB245D00C3DD37 /* SameAsAndroid.storyboard */,
				2AE2DA2420CB28E900C3DD37 /* WordViewController.swift */,
				2AE2DA2620CB2B4D00C3DD37 /* Word.swift */,
				2AE2DA2820CB2B8400C3DD37 /* AndroidTableViewController.swift */,
				2AE2DA2A20CB31BD00C3DD37 /* WordCell.swift */,
			);
			path = "Same as Android";
			sourceTree = "<group>";
		};
		2AEDC5FE20A8E86C0066170F /* Pagination */ = {
			isa = PBXGroup;
			children = (
				2AEDC5FC20A8E7780066170F /* Pagination.storyboard */,
				2AEDC5FF20A8E88C0066170F /* PaginationViewController.swift */,
				2AEDC60120A8EA310066170F /* Model.swift */,
				2AEDC60320A8EDF00066170F /* Responser.swift */,
				2AEDC60520A8EE3E0066170F /* Info.swift */,
				2AEDC60720A8EEF90066170F /* Picture.swift */,
				2AEDC60920A8EF5E0066170F /* Connections.swift */,
				2AC1B41520AE84E700CA0858 /* UserResponse.swift */,
				2AC1B41720AE851800CA0858 /* User64.swift */,
				2AB2523320AE928F00D5C33E /* base64json */,
			);
			path = Pagination;
			sourceTree = "<group>";
		};
		7BE645D48D9B59BBA8416E16 /* Frameworks */ = {
			isa = PBXGroup;
			children = (
				2A4D7DE021DC30D1005B4A48 /* KeychainAccess.framework */,
				2A4D7DE221DC30D1005B4A48 /* NSGIF.framework */,
				2A4D7DE421DC30D1005B4A48 /* Realm.framework */,
				2A4D7DE621DC30D1005B4A48 /* RealmSwift.framework */,
				2A4D7DE821DC30D1005B4A48 /* UILoadControl.framework */,
				2A31269D21534A3F00960871 /* ImageIO.framework */,
				A7A47EC870462D10C97EE859 /* Pods_Pruebas.framework */,
			);
			name = Frameworks;
			sourceTree = "<group>";
		};
		A6F70C7E7C9E535F8DC57D59 /* Pods */ = {
			isa = PBXGroup;
			children = (
				15DD33399FEB9CB59178C48D /* Pods-Pruebas.debug.xcconfig */,
				2ADA24618385EBAED09860EA /* Pods-Pruebas.release.xcconfig */,
			);
			name = Pods;
			sourceTree = "<group>";
		};
/* End PBXGroup section */

/* Begin PBXNativeTarget section */
		2A3A093520956F690095F163 /* Pruebas */ = {
			isa = PBXNativeTarget;
			buildConfigurationList = 2A3A094820956F6A0095F163 /* Build configuration list for PBXNativeTarget "Pruebas" */;
			buildPhases = (
				427484043F061E75BBBED64B /* [CP] Check Pods Manifest.lock */,
				2A3A093220956F690095F163 /* Sources */,
				2A3A093320956F690095F163 /* Frameworks */,
				2A3A093420956F690095F163 /* Resources */,
				C034985435A028E32CAA7EB2 /* [CP] Embed Pods Frameworks */,
			);
			buildRules = (
			);
			dependencies = (
			);
			name = Pruebas;
			productName = Pruebas;
			productReference = 2A3A093620956F690095F163 /* Pruebas.app */;
			productType = "com.apple.product-type.application";
		};
/* End PBXNativeTarget section */

/* Begin PBXProject section */
		2A3A092E20956F690095F163 /* Project object */ = {
			isa = PBXProject;
			attributes = {
				LastSwiftUpdateCheck = 0930;
				LastUpgradeCheck = 0930;
				ORGANIZATIONNAME = "Julio Banda";
				TargetAttributes = {
					2A3A093520956F690095F163 = {
						CreatedOnToolsVersion = 9.3;
						LastSwiftMigration = 0940;
						SystemCapabilities = {
							com.apple.Keychain = {
								enabled = 1;
							};
						};
					};
				};
			};
			buildConfigurationList = 2A3A093120956F690095F163 /* Build configuration list for PBXProject "Pruebas" */;
			compatibilityVersion = "Xcode 9.3";
			developmentRegion = en;
			hasScannedForEncodings = 0;
			knownRegions = (
				en,
				Base,
			);
			mainGroup = 2A3A092D20956F690095F163;
			productRefGroup = 2A3A093720956F690095F163 /* Products */;
			projectDirPath = "";
			projectRoot = "";
			targets = (
				2A3A093520956F690095F163 /* Pruebas */,
			);
		};
/* End PBXProject section */

/* Begin PBXResourcesBuildPhase section */
		2A3A093420956F690095F163 /* Resources */ = {
			isa = PBXResourcesBuildPhase;
			buildActionMask = 2147483647;
			files = (
				2A38EBA621B444C60089883A /* BullsEyeGame.storyboard in Resources */,
				2AD1108D209A300C002F4B3C /* Video.mp4 in Resources */,
				2A3A094420956F6A0095F163 /* LaunchScreen.storyboard in Resources */,
				2AA4CFEE214189B00054EAC9 /* ObjcNet.storyboard in Resources */,
				2A07BB0221DC343200513EFB /* ToDoList.storyboard in Resources */,
				2AD11090209A3463002F4B3C /* PhotosAndVideos.storyboard in Resources */,
				2ABDF5BE219BB2B9004A4D9D /* Notifications.storyboard in Resources */,
				2AE2DA2320CB245D00C3DD37 /* SameAsAndroid.storyboard in Resources */,
				2A218BF2213750CC005AC2B2 /* HotelManzana.storyboard in Resources */,
				2A63FC82215329EA009E03D2 /* Picker.storyboard in Resources */,
				2A64B34E217C2B48006CAB08 /* bancomer.cer in Resources */,
				2AC4978320ABC2BA00E222BD /* UIButtonsInUITableView.storyboard in Resources */,
				2AAC95C4209C1C6900255840 /* Location.storyboard in Resources */,
				2A98A76E209FF5C1004A39A0 /* CoreData.storyboard in Resources */,
				2AA249F52126790400874A60 /* Emojis.storyboard in Resources */,
				2A4D4C98209EC1D700D498F0 /* Networking.storyboard in Resources */,
				2A37888A21A5077B00AD1957 /* R2D2.mp3 in Resources */,
				2ABA9C9A2165C5B60054BFD8 /* xibs.xib in Resources */,
				2AD2CD6621A09CC400F033EB /* DateAlert.gif in Resources */,
				2AFC4221209D6429000C1E42 /* deathStar.png in Resources */,
				2AFD910221A09A3100682B3A /* TimeAlert.gif in Resources */,
				2A3A094120956F6A0095F163 /* Assets.xcassets in Resources */,
				2A12B24F21796BB300CA551A /* SSLPinning.storyboard in Resources */,
				2AA4C9B32099718500E004CD /* Segues.storyboard in Resources */,
				2AC7285D209D5C1A00631E93 /* car.png in Resources */,
				2AD7E82E2123DD480073B944 /* CustomTabBar.storyboard in Resources */,
				2AA4C9AF209970FF00E004CD /* TableView.storyboard in Resources */,
				2AA4C9AD2099708900E004CD /* ScrollView.storyboard in Resources */,
				2AA4C9BA209975FA00E004CD /* Song.mp3 in Resources */,
				2AA4C9B12099714500E004CD /* CustomView.storyboard in Resources */,
				2AD7CA6D20E463CE001A8F12 /* Stacks.storyboard in Resources */,
				2AEDC5FD20A8E7780066170F /* Pagination.storyboard in Resources */,
				2A04476E20ADE10100383D6F /* Realm.storyboard in Resources */,
				2A80481A2195458E002F7081 /* CollapsableTableView.storyboard in Resources */,
				2AD2CD6221A09B9100F033EB /* LocationAlert.gif in Resources */,
				2A3A093F20956F690095F163 /* Main.storyboard in Resources */,
				2AA4C9B62099721900E004CD /* Multimedia.storyboard in Resources */,
				2A4301ED21A9093300332CE0 /* TicTacToe.storyboard in Resources */,
				2AB3CA5C2142076300CF8F35 /* Lobster-Regular.ttf in Resources */,
				2A17F19F209D667E009DF9DC /* 3DTouch.storyboard in Resources */,
				2AB3CA592141FA1D00CF8F35 /* Fonts.storyboard in Resources */,
				2A2EAFB220C3A9BC00073860 /* Gestures.storyboard in Resources */,
				2AB3CA5D2142076700CF8F35 /* IndieFlower.ttf in Resources */,
				2AB2523420AE928F00D5C33E /* base64json in Resources */,
			);
			runOnlyForDeploymentPostprocessing = 0;
		};
/* End PBXResourcesBuildPhase section */

/* Begin PBXShellScriptBuildPhase section */
		427484043F061E75BBBED64B /* [CP] Check Pods Manifest.lock */ = {
			isa = PBXShellScriptBuildPhase;
			buildActionMask = 2147483647;
			files = (
			);
			inputPaths = (
				"${PODS_PODFILE_DIR_PATH}/Podfile.lock",
				"${PODS_ROOT}/Manifest.lock",
			);
			name = "[CP] Check Pods Manifest.lock";
			outputPaths = (
				"$(DERIVED_FILE_DIR)/Pods-Pruebas-checkManifestLockResult.txt",
			);
			runOnlyForDeploymentPostprocessing = 0;
			shellPath = /bin/sh;
			shellScript = "diff \"${PODS_PODFILE_DIR_PATH}/Podfile.lock\" \"${PODS_ROOT}/Manifest.lock\" > /dev/null\nif [ $? != 0 ] ; then\n    # print error to STDERR\n    echo \"error: The sandbox is not in sync with the Podfile.lock. Run 'pod install' or update your CocoaPods installation.\" >&2\n    exit 1\nfi\n# This output is used by Xcode 'outputs' to avoid re-running this script phase.\necho \"SUCCESS\" > \"${SCRIPT_OUTPUT_FILE_0}\"\n";
			showEnvVarsInLog = 0;
		};
		C034985435A028E32CAA7EB2 /* [CP] Embed Pods Frameworks */ = {
			isa = PBXShellScriptBuildPhase;
			buildActionMask = 2147483647;
			files = (
			);
			inputPaths = (
				"${SRCROOT}/Pods/Target Support Files/Pods-Pruebas/Pods-Pruebas-frameworks.sh",
				"${BUILT_PRODUCTS_DIR}/KeychainAccess/KeychainAccess.framework",
				"${BUILT_PRODUCTS_DIR}/NSGIF/NSGIF.framework",
				"${BUILT_PRODUCTS_DIR}/Realm/Realm.framework",
				"${BUILT_PRODUCTS_DIR}/RealmSwift/RealmSwift.framework",
				"${BUILT_PRODUCTS_DIR}/UILoadControl/UILoadControl.framework",
			);
			name = "[CP] Embed Pods Frameworks";
			outputPaths = (
				"${TARGET_BUILD_DIR}/${FRAMEWORKS_FOLDER_PATH}/KeychainAccess.framework",
				"${TARGET_BUILD_DIR}/${FRAMEWORKS_FOLDER_PATH}/NSGIF.framework",
				"${TARGET_BUILD_DIR}/${FRAMEWORKS_FOLDER_PATH}/Realm.framework",
				"${TARGET_BUILD_DIR}/${FRAMEWORKS_FOLDER_PATH}/RealmSwift.framework",
				"${TARGET_BUILD_DIR}/${FRAMEWORKS_FOLDER_PATH}/UILoadControl.framework",
			);
			runOnlyForDeploymentPostprocessing = 0;
			shellPath = /bin/sh;
			shellScript = "\"${SRCROOT}/Pods/Target Support Files/Pods-Pruebas/Pods-Pruebas-frameworks.sh\"\n";
			showEnvVarsInLog = 0;
		};
/* End PBXShellScriptBuildPhase section */

/* Begin PBXSourcesBuildPhase section */
		2A3A093220956F690095F163 /* Sources */ = {
			isa = PBXSourcesBuildPhase;
			buildActionMask = 2147483647;
			files = (
				2AE2DA2B20CB31BD00C3DD37 /* WordCell.swift in Sources */,
				2A31269C2153427600960871 /* UIImage+Gif.m in Sources */,
				2AC1B41820AE851800CA0858 /* User64.swift in Sources */,
				2A04477220ADE62A00383D6F /* SecondViewController.swift in Sources */,
				2A7231552130AF8A004EC266 /* ButtonStyle.swift in Sources */,
				2A7231532130ABB1004EC266 /* MusicViewController.swift in Sources */,
				2ABDF5C6219BB448004A4D9D /* ShadowView.swift in Sources */,
				2AAA9DE4209F84A10034D1BF /* Contact.swift in Sources */,
				2A46D74621F6CD79000C2FCE /* PopOverViewController.swift in Sources */,
				2A218BF521375349005AC2B2 /* AddRegistrationTableViewController.swift in Sources */,
				2AE2DA2520CB28E900C3DD37 /* WordViewController.swift in Sources */,
				2AA4CFF421418EF30054EAC9 /* NetUtils.m in Sources */,
				2A4D4C9A209EC1E400D498F0 /* NetworkingViewController.swift in Sources */,
				2A98A799209FFC0A004A39A0 /* TaskListManager.swift in Sources */,
				2ADA09E220993A0100FDB60F /* FirstViewController.swift in Sources */,
				2ABA9C9D2165C6A70054BFD8 /* xibs.m in Sources */,
				2AE46D0D219BBC8D00A8FB69 /* UNService.swift in Sources */,
				2A295ABB21DC727600134F71 /* ChecklistItem.swift in Sources */,
				2A09380821A3C1C600A1EBFE /* StatusPill.swift in Sources */,
				2A218BF3213750CC005AC2B2 /* Registration.swift in Sources */,
				2A98A770209FF5E1004A39A0 /* CoreDataViewController.swift in Sources */,
				2A59DC9C21DFE7E700C80E1C /* CheckListCell.swift in Sources */,
				2A3A093C20956F690095F163 /* ViewController.swift in Sources */,
				2AABA4C2209FB333008CB7FC /* Response.swift in Sources */,
				2A06061F20B6032C005BED85 /* NewWayViewController.swift in Sources */,
				2AEDC60A20A8EF5E0066170F /* Connections.swift in Sources */,
				2AD1108A209A2AA3002F4B3C /* VideoViewController.swift in Sources */,
				2A28B153214F1FD3004D7153 /* RPSGame.m in Sources */,
				2A407D2E2155FF15001FCFC3 /* GifCollectionViewController.m in Sources */,
				2A407D2B2155FECD001FCFC3 /* CollectionViewCell.m in Sources */,
				2AD2CD6A21A09E9400F033EB /* NotificationCategory.swift in Sources */,
				2A01BC3120E02237001B7476 /* CADisplayLinkViewController.swift in Sources */,
				2AA4CFF121418DE20054EAC9 /* Model.m in Sources */,
				2A63FC80215328F8009E03D2 /* PickerViewController.m in Sources */,
				2A98A773209FF837004A39A0 /* TodoApp.xcdatamodeld in Sources */,
				2AE2DA2920CB2B8400C3DD37 /* AndroidTableViewController.swift in Sources */,
				2A04477420ADE71B00383D6F /* DBManager.swift in Sources */,
				2A2EAFB420C3AA3500073860 /* GesturesViewController.swift in Sources */,
				2A35D74B21A27CD700FA6657 /* CardStack.swift in Sources */,
				2A2F715E214EF5B700348C2A /* Bedroom.m in Sources */,
				2A1AF2A6212E5B35002C8BFA /* FlyingSquaresViewController.swift in Sources */,
				2ADAD1C720B5F8BA0080B03B /* PercentageView.swift in Sources */,
				2AA4C9B82099731700E004CD /* MultimediaViewController.swift in Sources */,
				2A053E75209820CB00928204 /* TableViewController.swift in Sources */,
				2A35D75A21A2808300FA6657 /* CardView.swift in Sources */,
				2AD2CD6821A09D2E00F033EB /* NotificationActionID.swift in Sources */,
				2AE2DA2720CB2B4D00C3DD37 /* Word.swift in Sources */,
				2A2F715B214EEFE300348C2A /* House.m in Sources */,
				2A4A2EE921A0932600ED199C /* NotificationAttachmentID.swift in Sources */,
				2A17F1A1209D670A009DF9DC /* 3DTouchViewController.swift in Sources */,
				2A053E79209821B100928204 /* Text.swift in Sources */,
				2A80481821954541002F7081 /* CollapsableTableViewController.swift in Sources */,
				2AEDC60620A8EE3E0066170F /* Info.swift in Sources */,
				2AEDC60420A8EDF00066170F /* Responser.swift in Sources */,
				2AFF8253214B70F500A742FF /* FontsViewController.swift in Sources */,
				2AAA9DE2209F7BC60034D1BF /* ContactsManager.swift in Sources */,
				2A07BB0421DC349A00513EFB /* ToDoListController.swift in Sources */,
				2ABDF5C0219BB2F9004A4D9D /* NotificationsViewController.swift in Sources */,
				2A35D74921A27C9A00FA6657 /* TorchViewController.swift in Sources */,
				2A52BACC2138694300183ABF /* SelectRoomTypeTableViewController.swift in Sources */,
				2A04477020ADE14300383D6F /* RealmTableViewController.swift in Sources */,
				2A98A776209FFA2E004A39A0 /* AbstractManager.swift in Sources */,
				2AEDC60820A8EEF90066170F /* Picture.swift in Sources */,
				2ADF8C8A21A233A0003244F4 /* SpringAnimationsViewController.swift in Sources */,
				2A12B25121796BCA00CA551A /* SSLPinningViewController.swift in Sources */,
				2A218BF1213750CC005AC2B2 /* RoomType.swift in Sources */,
				2A63FFF820DA0F7C0093382D /* ContactDetailViewController.swift in Sources */,
				2A28B15C214F2566004D7153 /* RockPaperScissorsViewController.m in Sources */,
				2AD7E8302123DD780073B944 /* CustomTabBarController.swift in Sources */,
				2A56D8532098E9FD001A1352 /* CustomView.swift in Sources */,
				2AE46D0F219BDA8200A8FB69 /* AlertService.swift in Sources */,
				2AA4CFE9214189430054EAC9 /* ObjcNetTableViewController.m in Sources */,
				2AAC95C6209C1C7800255840 /* LocationViewController.swift in Sources */,
				2A38EBA821B447090089883A /* BullEyeGameViewController.swift in Sources */,
				2ADA09E02099399100FDB60F /* RedViewController.swift in Sources */,
				2A38BAC72100000800FC3022 /* StacksViewController.swift in Sources */,
				2A1E541E212890FB008EFEC6 /* EmojiCell.swift in Sources */,
				2AB98D8121264B220000D768 /* ScrollViewController.swift in Sources */,
				2A08BBCE219FD2820083683B /* CLService.swift in Sources */,
				2A28B156214F1FE5004D7153 /* RPSTurn.m in Sources */,
				2AC3DE892119606E0077A57E /* LongPressViewController.swift in Sources */,
				2AC1B41620AE84E700CA0858 /* UserResponse.swift in Sources */,
				2AA249F921267E7A00874A60 /* EmojiTableViewController.swift in Sources */,
				2AA6578F212925EF00268B29 /* AddEditEmojiTableViewController.swift in Sources */,
				2A3A093A20956F690095F163 /* AppDelegate.swift in Sources */,
				2A35D75821A27EA400FA6657 /* Person.swift in Sources */,
				2ADCEE57211DFFC70073CB1D /* DetailViewController.swift in Sources */,
				2AA249F72126799600874A60 /* Emoji.swift in Sources */,
				2AEDC60220A8EA310066170F /* Model.swift in Sources */,
				2A726CD621BA279A006E8679 /* AboutViewController.swift in Sources */,
				2A56D8502098E836001A1352 /* AnimationsViewController.swift in Sources */,
				2ABA9C932165C1BE0054BFD8 /* xibViewController.m in Sources */,
				2A23243321547CAA00E929D4 /* Gif.m in Sources */,
				2ADA09E520993C7600FDB60F /* CustomSegue.swift in Sources */,
				2AD11092209A3528002F4B3C /* CapturePhotosAndVideosViewController.swift in Sources */,
				2ADA09DE2099398600FDB60F /* BlueViewController.swift in Sources */,
				2AEDC60020A8E88C0066170F /* PaginationViewController.swift in Sources */,
				2A295ABD21DC7E2600134F71 /* TodoList.swift in Sources */,
				2A65E5A221DDC14200EF4C59 /* ItemDetailViewController.swift in Sources */,
				2A697DC621F5486B001E473A /* PiratesViewController.swift in Sources */,
				2A140D8520ABC83000202E0F /* ButtonedTableViewController.swift in Sources */,
				2A4301EF21A90C2A00332CE0 /* TicTacToeViewController.swift in Sources */,
				2A3126A22153555500960871 /* PickerViewController+Picker.m in Sources */,
				2AABA4C0209FB2C8008CB7FC /* User.swift in Sources */,
			);
			runOnlyForDeploymentPostprocessing = 0;
		};
/* End PBXSourcesBuildPhase section */

/* Begin PBXVariantGroup section */
		2A3A093D20956F690095F163 /* Main.storyboard */ = {
			isa = PBXVariantGroup;
			children = (
				2A3A093E20956F690095F163 /* Base */,
			);
			name = Main.storyboard;
			sourceTree = "<group>";
		};
		2A3A094220956F6A0095F163 /* LaunchScreen.storyboard */ = {
			isa = PBXVariantGroup;
			children = (
				2A3A094320956F6A0095F163 /* Base */,
			);
			name = LaunchScreen.storyboard;
			sourceTree = "<group>";
		};
/* End PBXVariantGroup section */

/* Begin XCBuildConfiguration section */
		2A3A094620956F6A0095F163 /* Debug */ = {
			isa = XCBuildConfiguration;
			buildSettings = {
				ALWAYS_SEARCH_USER_PATHS = NO;
				CLANG_ANALYZER_NONNULL = YES;
				CLANG_ANALYZER_NUMBER_OBJECT_CONVERSION = YES_AGGRESSIVE;
				CLANG_CXX_LANGUAGE_STANDARD = "gnu++14";
				CLANG_CXX_LIBRARY = "libc++";
				CLANG_ENABLE_MODULES = YES;
				CLANG_ENABLE_OBJC_ARC = YES;
				CLANG_ENABLE_OBJC_WEAK = YES;
				CLANG_WARN_BLOCK_CAPTURE_AUTORELEASING = YES;
				CLANG_WARN_BOOL_CONVERSION = YES;
				CLANG_WARN_COMMA = YES;
				CLANG_WARN_CONSTANT_CONVERSION = YES;
				CLANG_WARN_DEPRECATED_OBJC_IMPLEMENTATIONS = YES;
				CLANG_WARN_DIRECT_OBJC_ISA_USAGE = YES_ERROR;
				CLANG_WARN_DOCUMENTATION_COMMENTS = YES;
				CLANG_WARN_EMPTY_BODY = YES;
				CLANG_WARN_ENUM_CONVERSION = YES;
				CLANG_WARN_INFINITE_RECURSION = YES;
				CLANG_WARN_INT_CONVERSION = YES;
				CLANG_WARN_NON_LITERAL_NULL_CONVERSION = YES;
				CLANG_WARN_OBJC_IMPLICIT_RETAIN_SELF = YES;
				CLANG_WARN_OBJC_LITERAL_CONVERSION = YES;
				CLANG_WARN_OBJC_ROOT_CLASS = YES_ERROR;
				CLANG_WARN_RANGE_LOOP_ANALYSIS = YES;
				CLANG_WARN_STRICT_PROTOTYPES = YES;
				CLANG_WARN_SUSPICIOUS_MOVE = YES;
				CLANG_WARN_UNGUARDED_AVAILABILITY = YES_AGGRESSIVE;
				CLANG_WARN_UNREACHABLE_CODE = YES;
				CLANG_WARN__DUPLICATE_METHOD_MATCH = YES;
				CODE_SIGN_IDENTITY = "iPhone Developer";
				COPY_PHASE_STRIP = NO;
				DEBUG_INFORMATION_FORMAT = dwarf;
				ENABLE_STRICT_OBJC_MSGSEND = YES;
				ENABLE_TESTABILITY = YES;
				GCC_C_LANGUAGE_STANDARD = gnu11;
				GCC_DYNAMIC_NO_PIC = NO;
				GCC_NO_COMMON_BLOCKS = YES;
				GCC_OPTIMIZATION_LEVEL = 0;
				GCC_PREPROCESSOR_DEFINITIONS = (
					"DEBUG=1",
					"$(inherited)",
				);
				GCC_WARN_64_TO_32_BIT_CONVERSION = YES;
				GCC_WARN_ABOUT_RETURN_TYPE = YES_ERROR;
				GCC_WARN_UNDECLARED_SELECTOR = YES;
				GCC_WARN_UNINITIALIZED_AUTOS = YES_AGGRESSIVE;
				GCC_WARN_UNUSED_FUNCTION = YES;
				GCC_WARN_UNUSED_VARIABLE = YES;
				IPHONEOS_DEPLOYMENT_TARGET = 11.3;
				MTL_ENABLE_DEBUG_INFO = YES;
				ONLY_ACTIVE_ARCH = YES;
				SDKROOT = iphoneos;
				SWIFT_ACTIVE_COMPILATION_CONDITIONS = DEBUG;
				SWIFT_OPTIMIZATION_LEVEL = "-Onone";
			};
			name = Debug;
		};
		2A3A094720956F6A0095F163 /* Release */ = {
			isa = XCBuildConfiguration;
			buildSettings = {
				ALWAYS_SEARCH_USER_PATHS = NO;
				CLANG_ANALYZER_NONNULL = YES;
				CLANG_ANALYZER_NUMBER_OBJECT_CONVERSION = YES_AGGRESSIVE;
				CLANG_CXX_LANGUAGE_STANDARD = "gnu++14";
				CLANG_CXX_LIBRARY = "libc++";
				CLANG_ENABLE_MODULES = YES;
				CLANG_ENABLE_OBJC_ARC = YES;
				CLANG_ENABLE_OBJC_WEAK = YES;
				CLANG_WARN_BLOCK_CAPTURE_AUTORELEASING = YES;
				CLANG_WARN_BOOL_CONVERSION = YES;
				CLANG_WARN_COMMA = YES;
				CLANG_WARN_CONSTANT_CONVERSION = YES;
				CLANG_WARN_DEPRECATED_OBJC_IMPLEMENTATIONS = YES;
				CLANG_WARN_DIRECT_OBJC_ISA_USAGE = YES_ERROR;
				CLANG_WARN_DOCUMENTATION_COMMENTS = YES;
				CLANG_WARN_EMPTY_BODY = YES;
				CLANG_WARN_ENUM_CONVERSION = YES;
				CLANG_WARN_INFINITE_RECURSION = YES;
				CLANG_WARN_INT_CONVERSION = YES;
				CLANG_WARN_NON_LITERAL_NULL_CONVERSION = YES;
				CLANG_WARN_OBJC_IMPLICIT_RETAIN_SELF = YES;
				CLANG_WARN_OBJC_LITERAL_CONVERSION = YES;
				CLANG_WARN_OBJC_ROOT_CLASS = YES_ERROR;
				CLANG_WARN_RANGE_LOOP_ANALYSIS = YES;
				CLANG_WARN_STRICT_PROTOTYPES = YES;
				CLANG_WARN_SUSPICIOUS_MOVE = YES;
				CLANG_WARN_UNGUARDED_AVAILABILITY = YES_AGGRESSIVE;
				CLANG_WARN_UNREACHABLE_CODE = YES;
				CLANG_WARN__DUPLICATE_METHOD_MATCH = YES;
				CODE_SIGN_IDENTITY = "iPhone Developer";
				COPY_PHASE_STRIP = NO;
				DEBUG_INFORMATION_FORMAT = "dwarf-with-dsym";
				ENABLE_NS_ASSERTIONS = NO;
				ENABLE_STRICT_OBJC_MSGSEND = YES;
				GCC_C_LANGUAGE_STANDARD = gnu11;
				GCC_NO_COMMON_BLOCKS = YES;
				GCC_WARN_64_TO_32_BIT_CONVERSION = YES;
				GCC_WARN_ABOUT_RETURN_TYPE = YES_ERROR;
				GCC_WARN_UNDECLARED_SELECTOR = YES;
				GCC_WARN_UNINITIALIZED_AUTOS = YES_AGGRESSIVE;
				GCC_WARN_UNUSED_FUNCTION = YES;
				GCC_WARN_UNUSED_VARIABLE = YES;
				IPHONEOS_DEPLOYMENT_TARGET = 11.3;
				MTL_ENABLE_DEBUG_INFO = NO;
				SDKROOT = iphoneos;
				SWIFT_COMPILATION_MODE = wholemodule;
				SWIFT_OPTIMIZATION_LEVEL = "-O";
				VALIDATE_PRODUCT = YES;
			};
			name = Release;
		};
		2A3A094920956F6A0095F163 /* Debug */ = {
			isa = XCBuildConfiguration;
			baseConfigurationReference = 15DD33399FEB9CB59178C48D /* Pods-Pruebas.debug.xcconfig */;
			buildSettings = {
				ASSETCATALOG_COMPILER_APPICON_NAME = AppIcon;
				CLANG_ENABLE_MODULES = YES;
				CODE_SIGN_ENTITLEMENTS = Pruebas/Pruebas.entitlements;
				CODE_SIGN_STYLE = Automatic;
				DEVELOPMENT_TEAM = 7UUW8LTC64;
				INFOPLIST_FILE = Pruebas/Info.plist;
				IPHONEOS_DEPLOYMENT_TARGET = 11.0;
				LD_RUNPATH_SEARCH_PATHS = (
					"$(inherited)",
					"@executable_path/Frameworks",
				);
				PRODUCT_BUNDLE_IDENTIFIER = com.myPersonalTeam.Pruebas.Pruebas;
				PRODUCT_NAME = "$(TARGET_NAME)";
				SWIFT_OBJC_BRIDGING_HEADER = "Pruebas/Pruebas-Bridging-Header.h";
				SWIFT_OPTIMIZATION_LEVEL = "-Onone";
				SWIFT_VERSION = 4.0;
				TARGETED_DEVICE_FAMILY = "1,2";
			};
			name = Debug;
		};
		2A3A094A20956F6A0095F163 /* Release */ = {
			isa = XCBuildConfiguration;
			baseConfigurationReference = 2ADA24618385EBAED09860EA /* Pods-Pruebas.release.xcconfig */;
			buildSettings = {
				ASSETCATALOG_COMPILER_APPICON_NAME = AppIcon;
				CLANG_ENABLE_MODULES = YES;
				CODE_SIGN_ENTITLEMENTS = Pruebas/Pruebas.entitlements;
				CODE_SIGN_STYLE = Automatic;
				DEVELOPMENT_TEAM = 7UUW8LTC64;
				INFOPLIST_FILE = Pruebas/Info.plist;
				IPHONEOS_DEPLOYMENT_TARGET = 11.0;
				LD_RUNPATH_SEARCH_PATHS = (
					"$(inherited)",
					"@executable_path/Frameworks",
				);
				PRODUCT_BUNDLE_IDENTIFIER = com.myPersonalTeam.Pruebas.Pruebas;
				PRODUCT_NAME = "$(TARGET_NAME)";
				SWIFT_OBJC_BRIDGING_HEADER = "Pruebas/Pruebas-Bridging-Header.h";
				SWIFT_VERSION = 4.0;
				TARGETED_DEVICE_FAMILY = "1,2";
			};
			name = Release;
		};
/* End XCBuildConfiguration section */

/* Begin XCConfigurationList section */
		2A3A093120956F690095F163 /* Build configuration list for PBXProject "Pruebas" */ = {
			isa = XCConfigurationList;
			buildConfigurations = (
				2A3A094620956F6A0095F163 /* Debug */,
				2A3A094720956F6A0095F163 /* Release */,
			);
			defaultConfigurationIsVisible = 0;
			defaultConfigurationName = Release;
		};
		2A3A094820956F6A0095F163 /* Build configuration list for PBXNativeTarget "Pruebas" */ = {
			isa = XCConfigurationList;
			buildConfigurations = (
				2A3A094920956F6A0095F163 /* Debug */,
				2A3A094A20956F6A0095F163 /* Release */,
			);
			defaultConfigurationIsVisible = 0;
			defaultConfigurationName = Release;
		};
/* End XCConfigurationList section */

/* Begin XCVersionGroup section */
		2A98A771209FF837004A39A0 /* TodoApp.xcdatamodeld */ = {
			isa = XCVersionGroup;
			children = (
				2A98A772209FF837004A39A0 /* TodoApp.xcdatamodel */,
			);
			currentVersion = 2A98A772209FF837004A39A0 /* TodoApp.xcdatamodel */;
			path = TodoApp.xcdatamodeld;
			sourceTree = "<group>";
			versionGroupType = wrapper.xcdatamodel;
		};
/* End XCVersionGroup section */
	};
	rootObject = 2A3A092E20956F690095F163 /* Project object */;
}
